// !$*UTF8*$!
{
	archiveVersion = 1;
	classes = {
	};
	objectVersion = 46;
	objects = {

/* Begin PBXBuildFile section */
		5DEC5D9C172152E20068237A /* QuartzCore.framework in Frameworks */ = {isa = PBXBuildFile; fileRef = 5DEC5D9B172152E20068237A /* QuartzCore.framework */; };
		5DEC5D9E172152E20068237A /* Security.framework in Frameworks */ = {isa = PBXBuildFile; fileRef = 5DEC5D9D172152E20068237A /* Security.framework */; };
		5DEC5DA0172152E20068237A /* SystemConfiguration.framework in Frameworks */ = {isa = PBXBuildFile; fileRef = 5DEC5D9F172152E20068237A /* SystemConfiguration.framework */; };
		5DEC5DA2172152E20068237A /* AVFoundation.framework in Frameworks */ = {isa = PBXBuildFile; fileRef = 5DEC5DA1172152E20068237A /* AVFoundation.framework */; };
		5DEC5DA4172152E20068237A /* UIKit.framework in Frameworks */ = {isa = PBXBuildFile; fileRef = 5DEC5DA3172152E20068237A /* UIKit.framework */; };
		5DEC5DA6172152E20068237A /* Foundation.framework in Frameworks */ = {isa = PBXBuildFile; fileRef = 5DEC5DA5172152E20068237A /* Foundation.framework */; };
		5DEC5DA8172152E20068237A /* CoreGraphics.framework in Frameworks */ = {isa = PBXBuildFile; fileRef = 5DEC5DA7172152E20068237A /* CoreGraphics.framework */; };
		5DEC5DAA172152E20068237A /* MobileCoreServices.framework in Frameworks */ = {isa = PBXBuildFile; fileRef = 5DEC5DA9172152E20068237A /* MobileCoreServices.framework */; };
		5DEC5DAC172152E20068237A /* CoreVideo.framework in Frameworks */ = {isa = PBXBuildFile; fileRef = 5DEC5DAB172152E20068237A /* CoreVideo.framework */; };
		5DEC5DAE172152E20068237A /* CoreMedia.framework in Frameworks */ = {isa = PBXBuildFile; fileRef = 5DEC5DAD172152E20068237A /* CoreMedia.framework */; };
		5DEC5DB0172152E20068237A /* CFNetwork.framework in Frameworks */ = {isa = PBXBuildFile; fileRef = 5DEC5DAF172152E20068237A /* CFNetwork.framework */; };
		5DEC5DB4172152E20068237A /* Default.png in Resources */ = {isa = PBXBuildFile; fileRef = 5DEC5DB3172152E20068237A /* Default.png */; };
		5DEC5DB6172152E20068237A /* Default@2x.png in Resources */ = {isa = PBXBuildFile; fileRef = 5DEC5DB5172152E20068237A /* Default@2x.png */; };
		5DEC5DB8172152E20068237A /* Default-568h@2x.png in Resources */ = {isa = PBXBuildFile; fileRef = 5DEC5DB7172152E20068237A /* Default-568h@2x.png */; };
		5DEC5DBA172152E20068237A /* icon.png in Resources */ = {isa = PBXBuildFile; fileRef = 5DEC5DB9172152E20068237A /* icon.png */; };
		5DEC5DBC172152E20068237A /* icon@2x.png in Resources */ = {isa = PBXBuildFile; fileRef = 5DEC5DBB172152E20068237A /* icon@2x.png */; };
		5DEC5DBF172152E20068237A /* iTunesArtwork in Resources */ = {isa = PBXBuildFile; fileRef = 5DEC5DBE172152E20068237A /* iTunesArtwork */; };
		5DEC5DE0172152E30068237A /* README.textile in Resources */ = {isa = PBXBuildFile; fileRef = 5DEC5DDF172152E30068237A /* README.textile */; };
		5DEC5DE3172152E30068237A /* chipmunk.c in Sources */ = {isa = PBXBuildFile; fileRef = 5DEC5DE2172152E30068237A /* chipmunk.c */; };
		5DEC5DE7172152E30068237A /* cpConstraint.c in Sources */ = {isa = PBXBuildFile; fileRef = 5DEC5DE6172152E30068237A /* cpConstraint.c */; };
		5DEC5DE9172152E30068237A /* cpDampedRotarySpring.c in Sources */ = {isa = PBXBuildFile; fileRef = 5DEC5DE8172152E30068237A /* cpDampedRotarySpring.c */; };
		5DEC5DEB172152E30068237A /* cpDampedSpring.c in Sources */ = {isa = PBXBuildFile; fileRef = 5DEC5DEA172152E30068237A /* cpDampedSpring.c */; };
		5DEC5DED172152E30068237A /* cpGearJoint.c in Sources */ = {isa = PBXBuildFile; fileRef = 5DEC5DEC172152E30068237A /* cpGearJoint.c */; };
		5DEC5DEF172152E30068237A /* cpGrooveJoint.c in Sources */ = {isa = PBXBuildFile; fileRef = 5DEC5DEE172152E30068237A /* cpGrooveJoint.c */; };
		5DEC5DF1172152E30068237A /* cpPinJoint.c in Sources */ = {isa = PBXBuildFile; fileRef = 5DEC5DF0172152E30068237A /* cpPinJoint.c */; };
		5DEC5DF3172152E30068237A /* cpPivotJoint.c in Sources */ = {isa = PBXBuildFile; fileRef = 5DEC5DF2172152E30068237A /* cpPivotJoint.c */; };
		5DEC5DF5172152E30068237A /* cpRatchetJoint.c in Sources */ = {isa = PBXBuildFile; fileRef = 5DEC5DF4172152E30068237A /* cpRatchetJoint.c */; };
		5DEC5DF7172152E30068237A /* cpRotaryLimitJoint.c in Sources */ = {isa = PBXBuildFile; fileRef = 5DEC5DF6172152E30068237A /* cpRotaryLimitJoint.c */; };
		5DEC5DF9172152E30068237A /* cpSimpleMotor.c in Sources */ = {isa = PBXBuildFile; fileRef = 5DEC5DF8172152E30068237A /* cpSimpleMotor.c */; };
		5DEC5DFB172152E30068237A /* cpSlideJoint.c in Sources */ = {isa = PBXBuildFile; fileRef = 5DEC5DFA172152E30068237A /* cpSlideJoint.c */; };
		5DEC5DFD172152E30068237A /* cpArbiter.c in Sources */ = {isa = PBXBuildFile; fileRef = 5DEC5DFC172152E30068237A /* cpArbiter.c */; };
		5DEC5DFF172152E30068237A /* cpArray.c in Sources */ = {isa = PBXBuildFile; fileRef = 5DEC5DFE172152E30068237A /* cpArray.c */; };
		5DEC5E01172152E30068237A /* cpBB.c in Sources */ = {isa = PBXBuildFile; fileRef = 5DEC5E00172152E30068237A /* cpBB.c */; };
		5DEC5E03172152E30068237A /* cpBBTree.c in Sources */ = {isa = PBXBuildFile; fileRef = 5DEC5E02172152E30068237A /* cpBBTree.c */; };
		5DEC5E05172152E30068237A /* cpBody.c in Sources */ = {isa = PBXBuildFile; fileRef = 5DEC5E04172152E30068237A /* cpBody.c */; };
		5DEC5E07172152E30068237A /* cpCollision.c in Sources */ = {isa = PBXBuildFile; fileRef = 5DEC5E06172152E30068237A /* cpCollision.c */; };
		5DEC5E09172152E30068237A /* cpHashSet.c in Sources */ = {isa = PBXBuildFile; fileRef = 5DEC5E08172152E30068237A /* cpHashSet.c */; };
		5DEC5E0B172152E30068237A /* cpPolyShape.c in Sources */ = {isa = PBXBuildFile; fileRef = 5DEC5E0A172152E30068237A /* cpPolyShape.c */; };
		5DEC5E0D172152E30068237A /* cpShape.c in Sources */ = {isa = PBXBuildFile; fileRef = 5DEC5E0C172152E30068237A /* cpShape.c */; };
		5DEC5E0F172152E30068237A /* cpSpace.c in Sources */ = {isa = PBXBuildFile; fileRef = 5DEC5E0E172152E30068237A /* cpSpace.c */; };
		5DEC5E11172152E30068237A /* cpSpaceComponent.c in Sources */ = {isa = PBXBuildFile; fileRef = 5DEC5E10172152E30068237A /* cpSpaceComponent.c */; };
		5DEC5E13172152E30068237A /* cpSpaceHash.c in Sources */ = {isa = PBXBuildFile; fileRef = 5DEC5E12172152E30068237A /* cpSpaceHash.c */; };
		5DEC5E15172152E30068237A /* cpSpaceQuery.c in Sources */ = {isa = PBXBuildFile; fileRef = 5DEC5E14172152E30068237A /* cpSpaceQuery.c */; };
		5DEC5E17172152E30068237A /* cpSpaceStep.c in Sources */ = {isa = PBXBuildFile; fileRef = 5DEC5E16172152E30068237A /* cpSpaceStep.c */; };
		5DEC5E19172152E30068237A /* cpSpatialIndex.c in Sources */ = {isa = PBXBuildFile; fileRef = 5DEC5E18172152E30068237A /* cpSpatialIndex.c */; };
		5DEC5E1B172152E30068237A /* cpSweep1D.c in Sources */ = {isa = PBXBuildFile; fileRef = 5DEC5E1A172152E30068237A /* cpSweep1D.c */; };
		5DEC5E1D172152E30068237A /* cpVect.c in Sources */ = {isa = PBXBuildFile; fileRef = 5DEC5E1C172152E30068237A /* cpVect.c */; };
		5DEC5E23172152E30068237A /* main.m in Sources */ = {isa = PBXBuildFile; fileRef = 5DEC5E22172152E30068237A /* main.m */; };
		5DEC5E26172152E30068237A /* AppDelegate.m in Sources */ = {isa = PBXBuildFile; fileRef = 5DEC5E25172152E30068237A /* AppDelegate.m */; };
		5DEC5E29172152E30068237A /* HelloWorldLayer.m in Sources */ = {isa = PBXBuildFile; fileRef = 5DEC5E28172152E30068237A /* HelloWorldLayer.m */; };
		5DEC5E2C172152E30068237A /* IntroLayer.m in Sources */ = {isa = PBXBuildFile; fileRef = 5DEC5E2B172152E30068237A /* IntroLayer.m */; };
/* End PBXBuildFile section */

/* Begin PBXFileReference section */
		5DEC5D98172152E20068237A /* weri.app */ = {isa = PBXFileReference; explicitFileType = wrapper.application; includeInIndex = 0; path = weri.app; sourceTree = BUILT_PRODUCTS_DIR; };
		5DEC5D9B172152E20068237A /* QuartzCore.framework */ = {isa = PBXFileReference; lastKnownFileType = wrapper.framework; name = QuartzCore.framework; path = System/Library/Frameworks/QuartzCore.framework; sourceTree = SDKROOT; };
		5DEC5D9D172152E20068237A /* Security.framework */ = {isa = PBXFileReference; lastKnownFileType = wrapper.framework; name = Security.framework; path = System/Library/Frameworks/Security.framework; sourceTree = SDKROOT; };
		5DEC5D9F172152E20068237A /* SystemConfiguration.framework */ = {isa = PBXFileReference; lastKnownFileType = wrapper.framework; name = SystemConfiguration.framework; path = System/Library/Frameworks/SystemConfiguration.framework; sourceTree = SDKROOT; };
		5DEC5DA1172152E20068237A /* AVFoundation.framework */ = {isa = PBXFileReference; lastKnownFileType = wrapper.framework; name = AVFoundation.framework; path = System/Library/Frameworks/AVFoundation.framework; sourceTree = SDKROOT; };
		5DEC5DA3172152E20068237A /* UIKit.framework */ = {isa = PBXFileReference; lastKnownFileType = wrapper.framework; name = UIKit.framework; path = System/Library/Frameworks/UIKit.framework; sourceTree = SDKROOT; };
		5DEC5DA5172152E20068237A /* Foundation.framework */ = {isa = PBXFileReference; lastKnownFileType = wrapper.framework; name = Foundation.framework; path = System/Library/Frameworks/Foundation.framework; sourceTree = SDKROOT; };
		5DEC5DA7172152E20068237A /* CoreGraphics.framework */ = {isa = PBXFileReference; lastKnownFileType = wrapper.framework; name = CoreGraphics.framework; path = System/Library/Frameworks/CoreGraphics.framework; sourceTree = SDKROOT; };
		5DEC5DA9172152E20068237A /* MobileCoreServices.framework */ = {isa = PBXFileReference; lastKnownFileType = wrapper.framework; name = MobileCoreServices.framework; path = System/Library/Frameworks/MobileCoreServices.framework; sourceTree = SDKROOT; };
		5DEC5DAB172152E20068237A /* CoreVideo.framework */ = {isa = PBXFileReference; lastKnownFileType = wrapper.framework; name = CoreVideo.framework; path = System/Library/Frameworks/CoreVideo.framework; sourceTree = SDKROOT; };
		5DEC5DAD172152E20068237A /* CoreMedia.framework */ = {isa = PBXFileReference; lastKnownFileType = wrapper.framework; name = CoreMedia.framework; path = System/Library/Frameworks/CoreMedia.framework; sourceTree = SDKROOT; };
		5DEC5DAF172152E20068237A /* CFNetwork.framework */ = {isa = PBXFileReference; lastKnownFileType = wrapper.framework; name = CFNetwork.framework; path = System/Library/Frameworks/CFNetwork.framework; sourceTree = SDKROOT; };
		5DEC5DB3172152E20068237A /* Default.png */ = {isa = PBXFileReference; lastKnownFileType = image.png; name = Default.png; path = Resources/Default.png; sourceTree = "<group>"; };
		5DEC5DB5172152E20068237A /* Default@2x.png */ = {isa = PBXFileReference; lastKnownFileType = image.png; name = "Default@2x.png"; path = "Resources/Default@2x.png"; sourceTree = "<group>"; };
		5DEC5DB7172152E20068237A /* Default-568h@2x.png */ = {isa = PBXFileReference; lastKnownFileType = image.png; name = "Default-568h@2x.png"; path = "Resources/Default-568h@2x.png"; sourceTree = "<group>"; };
		5DEC5DB9172152E20068237A /* icon.png */ = {isa = PBXFileReference; lastKnownFileType = image.png; name = icon.png; path = Resources/icon.png; sourceTree = "<group>"; };
		5DEC5DBB172152E20068237A /* icon@2x.png */ = {isa = PBXFileReference; lastKnownFileType = image.png; name = "icon@2x.png"; path = "Resources/icon@2x.png"; sourceTree = "<group>"; };
		5DEC5DBD172152E20068237A /* Info.plist */ = {isa = PBXFileReference; lastKnownFileType = text.plist.xml; name = Info.plist; path = Resources/Info.plist; sourceTree = "<group>"; };
		5DEC5DBE172152E20068237A /* iTunesArtwork */ = {isa = PBXFileReference; lastKnownFileType = file; name = iTunesArtwork; path = Resources/iTunesArtwork; sourceTree = "<group>"; };
		5DEC5DC4172152E20068237A /* chipmunk.h */ = {isa = PBXFileReference; lastKnownFileType = sourcecode.c.h; name = chipmunk.h; path = libs/Chipmunk/include/chipmunk/chipmunk.h; sourceTree = "<group>"; };
		5DEC5DC5172152E20068237A /* chipmunk_ffi.h */ = {isa = PBXFileReference; lastKnownFileType = sourcecode.c.h; name = chipmunk_ffi.h; path = libs/Chipmunk/include/chipmunk/chipmunk_ffi.h; sourceTree = "<group>"; };
		5DEC5DC6172152E20068237A /* chipmunk_private.h */ = {isa = PBXFileReference; lastKnownFileType = sourcecode.c.h; name = chipmunk_private.h; path = libs/Chipmunk/include/chipmunk/chipmunk_private.h; sourceTree = "<group>"; };
		5DEC5DC7172152E20068237A /* chipmunk_types.h */ = {isa = PBXFileReference; lastKnownFileType = sourcecode.c.h; name = chipmunk_types.h; path = libs/Chipmunk/include/chipmunk/chipmunk_types.h; sourceTree = "<group>"; };
		5DEC5DC8172152E20068237A /* chipmunk_unsafe.h */ = {isa = PBXFileReference; lastKnownFileType = sourcecode.c.h; name = chipmunk_unsafe.h; path = libs/Chipmunk/include/chipmunk/chipmunk_unsafe.h; sourceTree = "<group>"; };
		5DEC5DCA172152E20068237A /* cpConstraint.h */ = {isa = PBXFileReference; lastKnownFileType = sourcecode.c.h; name = cpConstraint.h; path = libs/Chipmunk/include/chipmunk/constraints/cpConstraint.h; sourceTree = "<group>"; };
		5DEC5DCB172152E20068237A /* cpDampedRotarySpring.h */ = {isa = PBXFileReference; lastKnownFileType = sourcecode.c.h; name = cpDampedRotarySpring.h; path = libs/Chipmunk/include/chipmunk/constraints/cpDampedRotarySpring.h; sourceTree = "<group>"; };
		5DEC5DCC172152E20068237A /* cpDampedSpring.h */ = {isa = PBXFileReference; lastKnownFileType = sourcecode.c.h; name = cpDampedSpring.h; path = libs/Chipmunk/include/chipmunk/constraints/cpDampedSpring.h; sourceTree = "<group>"; };
		5DEC5DCD172152E20068237A /* cpGearJoint.h */ = {isa = PBXFileReference; lastKnownFileType = sourcecode.c.h; name = cpGearJoint.h; path = libs/Chipmunk/include/chipmunk/constraints/cpGearJoint.h; sourceTree = "<group>"; };
		5DEC5DCE172152E20068237A /* cpGrooveJoint.h */ = {isa = PBXFileReference; lastKnownFileType = sourcecode.c.h; name = cpGrooveJoint.h; path = libs/Chipmunk/include/chipmunk/constraints/cpGrooveJoint.h; sourceTree = "<group>"; };
		5DEC5DCF172152E20068237A /* cpPinJoint.h */ = {isa = PBXFileReference; lastKnownFileType = sourcecode.c.h; name = cpPinJoint.h; path = libs/Chipmunk/include/chipmunk/constraints/cpPinJoint.h; sourceTree = "<group>"; };
		5DEC5DD0172152E20068237A /* cpPivotJoint.h */ = {isa = PBXFileReference; lastKnownFileType = sourcecode.c.h; name = cpPivotJoint.h; path = libs/Chipmunk/include/chipmunk/constraints/cpPivotJoint.h; sourceTree = "<group>"; };
		5DEC5DD1172152E20068237A /* cpRatchetJoint.h */ = {isa = PBXFileReference; lastKnownFileType = sourcecode.c.h; name = cpRatchetJoint.h; path = libs/Chipmunk/include/chipmunk/constraints/cpRatchetJoint.h; sourceTree = "<group>"; };
		5DEC5DD2172152E20068237A /* cpRotaryLimitJoint.h */ = {isa = PBXFileReference; lastKnownFileType = sourcecode.c.h; name = cpRotaryLimitJoint.h; path = libs/Chipmunk/include/chipmunk/constraints/cpRotaryLimitJoint.h; sourceTree = "<group>"; };
		5DEC5DD3172152E20068237A /* cpSimpleMotor.h */ = {isa = PBXFileReference; lastKnownFileType = sourcecode.c.h; name = cpSimpleMotor.h; path = libs/Chipmunk/include/chipmunk/constraints/cpSimpleMotor.h; sourceTree = "<group>"; };
		5DEC5DD4172152E20068237A /* cpSlideJoint.h */ = {isa = PBXFileReference; lastKnownFileType = sourcecode.c.h; name = cpSlideJoint.h; path = libs/Chipmunk/include/chipmunk/constraints/cpSlideJoint.h; sourceTree = "<group>"; };
		5DEC5DD5172152E20068237A /* util.h */ = {isa = PBXFileReference; lastKnownFileType = sourcecode.c.h; name = util.h; path = libs/Chipmunk/include/chipmunk/constraints/util.h; sourceTree = "<group>"; };
		5DEC5DD6172152E20068237A /* cpArbiter.h */ = {isa = PBXFileReference; lastKnownFileType = sourcecode.c.h; name = cpArbiter.h; path = libs/Chipmunk/include/chipmunk/cpArbiter.h; sourceTree = "<group>"; };
		5DEC5DD7172152E20068237A /* cpBB.h */ = {isa = PBXFileReference; lastKnownFileType = sourcecode.c.h; name = cpBB.h; path = libs/Chipmunk/include/chipmunk/cpBB.h; sourceTree = "<group>"; };
		5DEC5DD8172152E20068237A /* cpBody.h */ = {isa = PBXFileReference; lastKnownFileType = sourcecode.c.h; name = cpBody.h; path = libs/Chipmunk/include/chipmunk/cpBody.h; sourceTree = "<group>"; };
		5DEC5DD9172152E20068237A /* cpPolyShape.h */ = {isa = PBXFileReference; lastKnownFileType = sourcecode.c.h; name = cpPolyShape.h; path = libs/Chipmunk/include/chipmunk/cpPolyShape.h; sourceTree = "<group>"; };
		5DEC5DDA172152E20068237A /* cpShape.h */ = {isa = PBXFileReference; lastKnownFileType = sourcecode.c.h; name = cpShape.h; path = libs/Chipmunk/include/chipmunk/cpShape.h; sourceTree = "<group>"; };
		5DEC5DDB172152E20068237A /* cpSpace.h */ = {isa = PBXFileReference; lastKnownFileType = sourcecode.c.h; name = cpSpace.h; path = libs/Chipmunk/include/chipmunk/cpSpace.h; sourceTree = "<group>"; };
		5DEC5DDC172152E20068237A /* cpSpatialIndex.h */ = {isa = PBXFileReference; lastKnownFileType = sourcecode.c.h; name = cpSpatialIndex.h; path = libs/Chipmunk/include/chipmunk/cpSpatialIndex.h; sourceTree = "<group>"; };
		5DEC5DDD172152E30068237A /* cpVect.h */ = {isa = PBXFileReference; lastKnownFileType = sourcecode.c.h; name = cpVect.h; path = libs/Chipmunk/include/chipmunk/cpVect.h; sourceTree = "<group>"; };
		5DEC5DDE172152E30068237A /* LICENSE.txt */ = {isa = PBXFileReference; lastKnownFileType = text; name = LICENSE.txt; path = libs/Chipmunk/LICENSE.txt; sourceTree = "<group>"; };
		5DEC5DDF172152E30068237A /* README.textile */ = {isa = PBXFileReference; lastKnownFileType = text; name = README.textile; path = libs/Chipmunk/README.textile; sourceTree = "<group>"; };
		5DEC5DE2172152E30068237A /* chipmunk.c */ = {isa = PBXFileReference; lastKnownFileType = sourcecode.c.c; name = chipmunk.c; path = libs/Chipmunk/src/chipmunk.c; sourceTree = "<group>"; };
		5DEC5DE4172152E30068237A /* CMakeLists.txt */ = {isa = PBXFileReference; lastKnownFileType = text; name = CMakeLists.txt; path = libs/Chipmunk/src/CMakeLists.txt; sourceTree = "<group>"; };
		5DEC5DE6172152E30068237A /* cpConstraint.c */ = {isa = PBXFileReference; lastKnownFileType = sourcecode.c.c; name = cpConstraint.c; path = libs/Chipmunk/src/constraints/cpConstraint.c; sourceTree = "<group>"; };
		5DEC5DE8172152E30068237A /* cpDampedRotarySpring.c */ = {isa = PBXFileReference; lastKnownFileType = sourcecode.c.c; name = cpDampedRotarySpring.c; path = libs/Chipmunk/src/constraints/cpDampedRotarySpring.c; sourceTree = "<group>"; };
		5DEC5DEA172152E30068237A /* cpDampedSpring.c */ = {isa = PBXFileReference; lastKnownFileType = sourcecode.c.c; name = cpDampedSpring.c; path = libs/Chipmunk/src/constraints/cpDampedSpring.c; sourceTree = "<group>"; };
		5DEC5DEC172152E30068237A /* cpGearJoint.c */ = {isa = PBXFileReference; lastKnownFileType = sourcecode.c.c; name = cpGearJoint.c; path = libs/Chipmunk/src/constraints/cpGearJoint.c; sourceTree = "<group>"; };
		5DEC5DEE172152E30068237A /* cpGrooveJoint.c */ = {isa = PBXFileReference; lastKnownFileType = sourcecode.c.c; name = cpGrooveJoint.c; path = libs/Chipmunk/src/constraints/cpGrooveJoint.c; sourceTree = "<group>"; };
		5DEC5DF0172152E30068237A /* cpPinJoint.c */ = {isa = PBXFileReference; lastKnownFileType = sourcecode.c.c; name = cpPinJoint.c; path = libs/Chipmunk/src/constraints/cpPinJoint.c; sourceTree = "<group>"; };
		5DEC5DF2172152E30068237A /* cpPivotJoint.c */ = {isa = PBXFileReference; lastKnownFileType = sourcecode.c.c; name = cpPivotJoint.c; path = libs/Chipmunk/src/constraints/cpPivotJoint.c; sourceTree = "<group>"; };
		5DEC5DF4172152E30068237A /* cpRatchetJoint.c */ = {isa = PBXFileReference; lastKnownFileType = sourcecode.c.c; name = cpRatchetJoint.c; path = libs/Chipmunk/src/constraints/cpRatchetJoint.c; sourceTree = "<group>"; };
		5DEC5DF6172152E30068237A /* cpRotaryLimitJoint.c */ = {isa = PBXFileReference; lastKnownFileType = sourcecode.c.c; name = cpRotaryLimitJoint.c; path = libs/Chipmunk/src/constraints/cpRotaryLimitJoint.c; sourceTree = "<group>"; };
		5DEC5DF8172152E30068237A /* cpSimpleMotor.c */ = {isa = PBXFileReference; lastKnownFileType = sourcecode.c.c; name = cpSimpleMotor.c; path = libs/Chipmunk/src/constraints/cpSimpleMotor.c; sourceTree = "<group>"; };
		5DEC5DFA172152E30068237A /* cpSlideJoint.c */ = {isa = PBXFileReference; lastKnownFileType = sourcecode.c.c; name = cpSlideJoint.c; path = libs/Chipmunk/src/constraints/cpSlideJoint.c; sourceTree = "<group>"; };
		5DEC5DFC172152E30068237A /* cpArbiter.c */ = {isa = PBXFileReference; lastKnownFileType = sourcecode.c.c; name = cpArbiter.c; path = libs/Chipmunk/src/cpArbiter.c; sourceTree = "<group>"; };
		5DEC5DFE172152E30068237A /* cpArray.c */ = {isa = PBXFileReference; lastKnownFileType = sourcecode.c.c; name = cpArray.c; path = libs/Chipmunk/src/cpArray.c; sourceTree = "<group>"; };
		5DEC5E00172152E30068237A /* cpBB.c */ = {isa = PBXFileReference; lastKnownFileType = sourcecode.c.c; name = cpBB.c; path = libs/Chipmunk/src/cpBB.c; sourceTree = "<group>"; };
		5DEC5E02172152E30068237A /* cpBBTree.c */ = {isa = PBXFileReference; lastKnownFileType = sourcecode.c.c; name = cpBBTree.c; path = libs/Chipmunk/src/cpBBTree.c; sourceTree = "<group>"; };
		5DEC5E04172152E30068237A /* cpBody.c */ = {isa = PBXFileReference; lastKnownFileType = sourcecode.c.c; name = cpBody.c; path = libs/Chipmunk/src/cpBody.c; sourceTree = "<group>"; };
		5DEC5E06172152E30068237A /* cpCollision.c */ = {isa = PBXFileReference; lastKnownFileType = sourcecode.c.c; name = cpCollision.c; path = libs/Chipmunk/src/cpCollision.c; sourceTree = "<group>"; };
		5DEC5E08172152E30068237A /* cpHashSet.c */ = {isa = PBXFileReference; lastKnownFileType = sourcecode.c.c; name = cpHashSet.c; path = libs/Chipmunk/src/cpHashSet.c; sourceTree = "<group>"; };
		5DEC5E0A172152E30068237A /* cpPolyShape.c */ = {isa = PBXFileReference; lastKnownFileType = sourcecode.c.c; name = cpPolyShape.c; path = libs/Chipmunk/src/cpPolyShape.c; sourceTree = "<group>"; };
		5DEC5E0C172152E30068237A /* cpShape.c */ = {isa = PBXFileReference; lastKnownFileType = sourcecode.c.c; name = cpShape.c; path = libs/Chipmunk/src/cpShape.c; sourceTree = "<group>"; };
		5DEC5E0E172152E30068237A /* cpSpace.c */ = {isa = PBXFileReference; lastKnownFileType = sourcecode.c.c; name = cpSpace.c; path = libs/Chipmunk/src/cpSpace.c; sourceTree = "<group>"; };
		5DEC5E10172152E30068237A /* cpSpaceComponent.c */ = {isa = PBXFileReference; lastKnownFileType = sourcecode.c.c; name = cpSpaceComponent.c; path = libs/Chipmunk/src/cpSpaceComponent.c; sourceTree = "<group>"; };
		5DEC5E12172152E30068237A /* cpSpaceHash.c */ = {isa = PBXFileReference; lastKnownFileType = sourcecode.c.c; name = cpSpaceHash.c; path = libs/Chipmunk/src/cpSpaceHash.c; sourceTree = "<group>"; };
		5DEC5E14172152E30068237A /* cpSpaceQuery.c */ = {isa = PBXFileReference; lastKnownFileType = sourcecode.c.c; name = cpSpaceQuery.c; path = libs/Chipmunk/src/cpSpaceQuery.c; sourceTree = "<group>"; };
		5DEC5E16172152E30068237A /* cpSpaceStep.c */ = {isa = PBXFileReference; lastKnownFileType = sourcecode.c.c; name = cpSpaceStep.c; path = libs/Chipmunk/src/cpSpaceStep.c; sourceTree = "<group>"; };
		5DEC5E18172152E30068237A /* cpSpatialIndex.c */ = {isa = PBXFileReference; lastKnownFileType = sourcecode.c.c; name = cpSpatialIndex.c; path = libs/Chipmunk/src/cpSpatialIndex.c; sourceTree = "<group>"; };
		5DEC5E1A172152E30068237A /* cpSweep1D.c */ = {isa = PBXFileReference; lastKnownFileType = sourcecode.c.c; name = cpSweep1D.c; path = libs/Chipmunk/src/cpSweep1D.c; sourceTree = "<group>"; };
		5DEC5E1C172152E30068237A /* cpVect.c */ = {isa = PBXFileReference; lastKnownFileType = sourcecode.c.c; name = cpVect.c; path = libs/Chipmunk/src/cpVect.c; sourceTree = "<group>"; };
		5DEC5E1E172152E30068237A /* prime.h */ = {isa = PBXFileReference; lastKnownFileType = sourcecode.c.h; name = prime.h; path = libs/Chipmunk/src/prime.h; sourceTree = "<group>"; };
		5DEC5E1F172152E30068237A /* LICENSE_Chipmunk.txt */ = {isa = PBXFileReference; lastKnownFileType = text; name = LICENSE_Chipmunk.txt; path = libs/LICENSE_Chipmunk.txt; sourceTree = "<group>"; };
		5DEC5E21172152E30068237A /* Prefix.pch */ = {isa = PBXFileReference; lastKnownFileType = sourcecode.c.h; path = Prefix.pch; sourceTree = "<group>"; };
		5DEC5E22172152E30068237A /* main.m */ = {isa = PBXFileReference; lastKnownFileType = sourcecode.c.objc; path = main.m; sourceTree = "<group>"; };
		5DEC5E24172152E30068237A /* AppDelegate.h */ = {isa = PBXFileReference; lastKnownFileType = sourcecode.c.h; path = AppDelegate.h; sourceTree = "<group>"; };
		5DEC5E25172152E30068237A /* AppDelegate.m */ = {isa = PBXFileReference; lastKnownFileType = sourcecode.c.objc; path = AppDelegate.m; sourceTree = "<group>"; };
		5DEC5E27172152E30068237A /* HelloWorldLayer.h */ = {isa = PBXFileReference; lastKnownFileType = sourcecode.c.h; path = HelloWorldLayer.h; sourceTree = "<group>"; };
		5DEC5E28172152E30068237A /* HelloWorldLayer.m */ = {isa = PBXFileReference; lastKnownFileType = sourcecode.c.objc; path = HelloWorldLayer.m; sourceTree = "<group>"; };
		5DEC5E2A172152E30068237A /* IntroLayer.h */ = {isa = PBXFileReference; lastKnownFileType = sourcecode.c.h; path = IntroLayer.h; sourceTree = "<group>"; };
		5DEC5E2B172152E30068237A /* IntroLayer.m */ = {isa = PBXFileReference; lastKnownFileType = sourcecode.c.objc; path = IntroLayer.m; sourceTree = "<group>"; };
/* End PBXFileReference section */

/* Begin PBXFrameworksBuildPhase section */
		5DEC5D95172152E20068237A /* Frameworks */ = {
			isa = PBXFrameworksBuildPhase;
			buildActionMask = 2147483647;
			files = (
				5DEC5D9C172152E20068237A /* QuartzCore.framework in Frameworks */,
				5DEC5D9E172152E20068237A /* Security.framework in Frameworks */,
				5DEC5DA0172152E20068237A /* SystemConfiguration.framework in Frameworks */,
				5DEC5DA2172152E20068237A /* AVFoundation.framework in Frameworks */,
				5DEC5DA4172152E20068237A /* UIKit.framework in Frameworks */,
				5DEC5DA6172152E20068237A /* Foundation.framework in Frameworks */,
				5DEC5DA8172152E20068237A /* CoreGraphics.framework in Frameworks */,
				5DEC5DAA172152E20068237A /* MobileCoreServices.framework in Frameworks */,
				5DEC5DAC172152E20068237A /* CoreVideo.framework in Frameworks */,
				5DEC5DAE172152E20068237A /* CoreMedia.framework in Frameworks */,
				5DEC5DB0172152E20068237A /* CFNetwork.framework in Frameworks */,
			);
			runOnlyForDeploymentPostprocessing = 0;
		};
/* End PBXFrameworksBuildPhase section */

/* Begin PBXGroup section */
		5DEC5D8F172152E20068237A = {
			isa = PBXGroup;
			children = (
				5DEC5DB1172152E20068237A /* weri */,
				5DEC5D9A172152E20068237A /* Frameworks */,
				5DEC5D99172152E20068237A /* Products */,
			);
			sourceTree = "<group>";
		};
		5DEC5D99172152E20068237A /* Products */ = {
			isa = PBXGroup;
			children = (
				5DEC5D98172152E20068237A /* weri.app */,
			);
			name = Products;
			sourceTree = "<group>";
		};
		5DEC5D9A172152E20068237A /* Frameworks */ = {
			isa = PBXGroup;
			children = (
				5DEC5D9B172152E20068237A /* QuartzCore.framework */,
				5DEC5D9D172152E20068237A /* Security.framework */,
				5DEC5D9F172152E20068237A /* SystemConfiguration.framework */,
				5DEC5DA1172152E20068237A /* AVFoundation.framework */,
				5DEC5DA3172152E20068237A /* UIKit.framework */,
				5DEC5DA5172152E20068237A /* Foundation.framework */,
				5DEC5DA7172152E20068237A /* CoreGraphics.framework */,
				5DEC5DA9172152E20068237A /* MobileCoreServices.framework */,
				5DEC5DAB172152E20068237A /* CoreVideo.framework */,
				5DEC5DAD172152E20068237A /* CoreMedia.framework */,
				5DEC5DAF172152E20068237A /* CFNetwork.framework */,
			);
			name = Frameworks;
			sourceTree = "<group>";
		};
		5DEC5DB1172152E20068237A /* weri */ = {
			isa = PBXGroup;
			children = (
				5DEC5DB9172152E20068237A /* icon.png */,
				5DEC5DBB172152E20068237A /* icon@2x.png */,
				5DEC5E24172152E30068237A /* AppDelegate.h */,
				5DEC5E25172152E30068237A /* AppDelegate.m */,
				5DEC5E27172152E30068237A /* HelloWorldLayer.h */,
				5DEC5E28172152E30068237A /* HelloWorldLayer.m */,
				5DEC5E2A172152E30068237A /* IntroLayer.h */,
				5DEC5E2B172152E30068237A /* IntroLayer.m */,
				5DEC5DB2172152E20068237A /* Resources */,
				5DEC5DC0172152E20068237A /* libs */,
				5DEC5E20172152E30068237A /* Supporting Files */,
			);
			path = weri;
			sourceTree = "<group>";
		};
		5DEC5DB2172152E20068237A /* Resources */ = {
			isa = PBXGroup;
			children = (
				5DEC5DB3172152E20068237A /* Default.png */,
				5DEC5DB5172152E20068237A /* Default@2x.png */,
				5DEC5DB7172152E20068237A /* Default-568h@2x.png */,
				5DEC5DBD172152E20068237A /* Info.plist */,
				5DEC5DBE172152E20068237A /* iTunesArtwork */,
			);
			name = Resources;
			sourceTree = "<group>";
		};
		5DEC5DC0172152E20068237A /* libs */ = {
			isa = PBXGroup;
			children = (
				5DEC5E1F172152E30068237A /* LICENSE_Chipmunk.txt */,
				5DEC5DC1172152E20068237A /* Chipmunk */,
			);
			name = libs;
			sourceTree = "<group>";
		};
		5DEC5DC1172152E20068237A /* Chipmunk */ = {
			isa = PBXGroup;
			children = (
				5DEC5DDE172152E30068237A /* LICENSE.txt */,
				5DEC5DDF172152E30068237A /* README.textile */,
				5DEC5DC2172152E20068237A /* include */,
				5DEC5DE1172152E30068237A /* src */,
			);
			name = Chipmunk;
			sourceTree = "<group>";
		};
		5DEC5DC2172152E20068237A /* include */ = {
			isa = PBXGroup;
			children = (
				5DEC5DC3172152E20068237A /* chipmunk */,
			);
			name = include;
			sourceTree = "<group>";
		};
		5DEC5DC3172152E20068237A /* chipmunk */ = {
			isa = PBXGroup;
			children = (
				5DEC5DC4172152E20068237A /* chipmunk.h */,
				5DEC5DC5172152E20068237A /* chipmunk_ffi.h */,
				5DEC5DC6172152E20068237A /* chipmunk_private.h */,
				5DEC5DC7172152E20068237A /* chipmunk_types.h */,
				5DEC5DC8172152E20068237A /* chipmunk_unsafe.h */,
				5DEC5DD6172152E20068237A /* cpArbiter.h */,
				5DEC5DD7172152E20068237A /* cpBB.h */,
				5DEC5DD8172152E20068237A /* cpBody.h */,
				5DEC5DD9172152E20068237A /* cpPolyShape.h */,
				5DEC5DDA172152E20068237A /* cpShape.h */,
				5DEC5DDB172152E20068237A /* cpSpace.h */,
				5DEC5DDC172152E20068237A /* cpSpatialIndex.h */,
				5DEC5DDD172152E30068237A /* cpVect.h */,
				5DEC5DC9172152E20068237A /* constraints */,
			);
			name = chipmunk;
			sourceTree = "<group>";
		};
		5DEC5DC9172152E20068237A /* constraints */ = {
			isa = PBXGroup;
			children = (
				5DEC5DCA172152E20068237A /* cpConstraint.h */,
				5DEC5DCB172152E20068237A /* cpDampedRotarySpring.h */,
				5DEC5DCC172152E20068237A /* cpDampedSpring.h */,
				5DEC5DCD172152E20068237A /* cpGearJoint.h */,
				5DEC5DCE172152E20068237A /* cpGrooveJoint.h */,
				5DEC5DCF172152E20068237A /* cpPinJoint.h */,
				5DEC5DD0172152E20068237A /* cpPivotJoint.h */,
				5DEC5DD1172152E20068237A /* cpRatchetJoint.h */,
				5DEC5DD2172152E20068237A /* cpRotaryLimitJoint.h */,
				5DEC5DD3172152E20068237A /* cpSimpleMotor.h */,
				5DEC5DD4172152E20068237A /* cpSlideJoint.h */,
				5DEC5DD5172152E20068237A /* util.h */,
			);
			name = constraints;
			sourceTree = "<group>";
		};
		5DEC5DE1172152E30068237A /* src */ = {
			isa = PBXGroup;
			children = (
				5DEC5DE2172152E30068237A /* chipmunk.c */,
				5DEC5DE4172152E30068237A /* CMakeLists.txt */,
				5DEC5DFC172152E30068237A /* cpArbiter.c */,
				5DEC5DFE172152E30068237A /* cpArray.c */,
				5DEC5E00172152E30068237A /* cpBB.c */,
				5DEC5E02172152E30068237A /* cpBBTree.c */,
				5DEC5E04172152E30068237A /* cpBody.c */,
				5DEC5E06172152E30068237A /* cpCollision.c */,
				5DEC5E08172152E30068237A /* cpHashSet.c */,
				5DEC5E0A172152E30068237A /* cpPolyShape.c */,
				5DEC5E0C172152E30068237A /* cpShape.c */,
				5DEC5E0E172152E30068237A /* cpSpace.c */,
				5DEC5E10172152E30068237A /* cpSpaceComponent.c */,
				5DEC5E12172152E30068237A /* cpSpaceHash.c */,
				5DEC5E14172152E30068237A /* cpSpaceQuery.c */,
				5DEC5E16172152E30068237A /* cpSpaceStep.c */,
				5DEC5E18172152E30068237A /* cpSpatialIndex.c */,
				5DEC5E1A172152E30068237A /* cpSweep1D.c */,
				5DEC5E1C172152E30068237A /* cpVect.c */,
				5DEC5E1E172152E30068237A /* prime.h */,
				5DEC5DE5172152E30068237A /* constraints */,
			);
			name = src;
			sourceTree = "<group>";
		};
		5DEC5DE5172152E30068237A /* constraints */ = {
			isa = PBXGroup;
			children = (
				5DEC5DE6172152E30068237A /* cpConstraint.c */,
				5DEC5DE8172152E30068237A /* cpDampedRotarySpring.c */,
				5DEC5DEA172152E30068237A /* cpDampedSpring.c */,
				5DEC5DEC172152E30068237A /* cpGearJoint.c */,
				5DEC5DEE172152E30068237A /* cpGrooveJoint.c */,
				5DEC5DF0172152E30068237A /* cpPinJoint.c */,
				5DEC5DF2172152E30068237A /* cpPivotJoint.c */,
				5DEC5DF4172152E30068237A /* cpRatchetJoint.c */,
				5DEC5DF6172152E30068237A /* cpRotaryLimitJoint.c */,
				5DEC5DF8172152E30068237A /* cpSimpleMotor.c */,
				5DEC5DFA172152E30068237A /* cpSlideJoint.c */,
			);
			name = constraints;
			sourceTree = "<group>";
		};
		5DEC5E20172152E30068237A /* Supporting Files */ = {
			isa = PBXGroup;
			children = (
				5DEC5E21172152E30068237A /* Prefix.pch */,
				5DEC5E22172152E30068237A /* main.m */,
			);
			name = "Supporting Files";
			sourceTree = "<group>";
		};
/* End PBXGroup section */

/* Begin PBXNativeTarget section */
		5DEC5D97172152E20068237A /* weri */ = {
			isa = PBXNativeTarget;
			buildConfigurationList = 5DEC5E2F172152E30068237A /* Build configuration list for PBXNativeTarget "weri" */;
			buildPhases = (
				5DEC5D94172152E20068237A /* Sources */,
				5DEC5D95172152E20068237A /* Frameworks */,
				5DEC5D96172152E20068237A /* Resources */,
			);
			buildRules = (
			);
			dependencies = (
			);
			name = weri;
			productName = weri;
			productReference = 5DEC5D98172152E20068237A /* weri.app */;
			productType = "com.apple.product-type.application";
		};
/* End PBXNativeTarget section */

/* Begin PBXProject section */
		5DEC5D90172152E20068237A /* Project object */ = {
			isa = PBXProject;
			attributes = {
				LastUpgradeCheck = 0460;
			};
			buildConfigurationList = 5DEC5D93172152E20068237A /* Build configuration list for PBXProject "weri" */;
			compatibilityVersion = "Xcode 3.2";
			developmentRegion = English;
			hasScannedForEncodings = 0;
			knownRegions = (
				en,
			);
			mainGroup = 5DEC5D8F172152E20068237A;
			productRefGroup = 5DEC5D99172152E20068237A /* Products */;
			projectDirPath = "";
			projectRoot = "";
			targets = (
				5DEC5D97172152E20068237A /* weri */,
			);
		};
/* End PBXProject section */

/* Begin PBXResourcesBuildPhase section */
		5DEC5D96172152E20068237A /* Resources */ = {
			isa = PBXResourcesBuildPhase;
			buildActionMask = 2147483647;
			files = (
				5DEC5DB4172152E20068237A /* Default.png in Resources */,
				5DEC5DB6172152E20068237A /* Default@2x.png in Resources */,
				5DEC5DB8172152E20068237A /* Default-568h@2x.png in Resources */,
				5DEC5DBA172152E20068237A /* icon.png in Resources */,
				5DEC5DBC172152E20068237A /* icon@2x.png in Resources */,
				5DEC5DBF172152E20068237A /* iTunesArtwork in Resources */,
				5DEC5DE0172152E30068237A /* README.textile in Resources */,
			);
			runOnlyForDeploymentPostprocessing = 0;
		};
/* End PBXResourcesBuildPhase section */

/* Begin PBXSourcesBuildPhase section */
		5DEC5D94172152E20068237A /* Sources */ = {
			isa = PBXSourcesBuildPhase;
			buildActionMask = 2147483647;
			files = (
				5DEC5DE3172152E30068237A /* chipmunk.c in Sources */,
				5DEC5DE7172152E30068237A /* cpConstraint.c in Sources */,
				5DEC5DE9172152E30068237A /* cpDampedRotarySpring.c in Sources */,
				5DEC5DEB172152E30068237A /* cpDampedSpring.c in Sources */,
				5DEC5DED172152E30068237A /* cpGearJoint.c in Sources */,
				5DEC5DEF172152E30068237A /* cpGrooveJoint.c in Sources */,
				5DEC5DF1172152E30068237A /* cpPinJoint.c in Sources */,
				5DEC5DF3172152E30068237A /* cpPivotJoint.c in Sources */,
				5DEC5DF5172152E30068237A /* cpRatchetJoint.c in Sources */,
				5DEC5DF7172152E30068237A /* cpRotaryLimitJoint.c in Sources */,
				5DEC5DF9172152E30068237A /* cpSimpleMotor.c in Sources */,
				5DEC5DFB172152E30068237A /* cpSlideJoint.c in Sources */,
				5DEC5DFD172152E30068237A /* cpArbiter.c in Sources */,
				5DEC5DFF172152E30068237A /* cpArray.c in Sources */,
				5DEC5E01172152E30068237A /* cpBB.c in Sources */,
				5DEC5E03172152E30068237A /* cpBBTree.c in Sources */,
				5DEC5E05172152E30068237A /* cpBody.c in Sources */,
				5DEC5E07172152E30068237A /* cpCollision.c in Sources */,
				5DEC5E09172152E30068237A /* cpHashSet.c in Sources */,
				5DEC5E0B172152E30068237A /* cpPolyShape.c in Sources */,
				5DEC5E0D172152E30068237A /* cpShape.c in Sources */,
				5DEC5E0F172152E30068237A /* cpSpace.c in Sources */,
				5DEC5E11172152E30068237A /* cpSpaceComponent.c in Sources */,
				5DEC5E13172152E30068237A /* cpSpaceHash.c in Sources */,
				5DEC5E15172152E30068237A /* cpSpaceQuery.c in Sources */,
				5DEC5E17172152E30068237A /* cpSpaceStep.c in Sources */,
				5DEC5E19172152E30068237A /* cpSpatialIndex.c in Sources */,
				5DEC5E1B172152E30068237A /* cpSweep1D.c in Sources */,
				5DEC5E1D172152E30068237A /* cpVect.c in Sources */,
				5DEC5E23172152E30068237A /* main.m in Sources */,
				5DEC5E26172152E30068237A /* AppDelegate.m in Sources */,
				5DEC5E29172152E30068237A /* HelloWorldLayer.m in Sources */,
				5DEC5E2C172152E30068237A /* IntroLayer.m in Sources */,
			);
			runOnlyForDeploymentPostprocessing = 0;
		};
/* End PBXSourcesBuildPhase section */

/* Begin XCBuildConfiguration section */
		5DEC5E2D172152E30068237A /* Debug */ = {
			isa = XCBuildConfiguration;
			buildSettings = {
				ARCHS = "$(ARCHS_STANDARD_32_BIT)";
				"CODE_SIGN_IDENTITY[sdk=iphoneos*]" = "iPhone Developer";
				GCC_C_LANGUAGE_STANDARD = gnu99;
				GCC_OPTIMIZATION_LEVEL = 0;
				GCC_PREPROCESSOR_DEFINITIONS = (
					DEBUG,
					"BEE_DEBUG=1",
				);
				GCC_SYMBOLS_PRIVATE_EXTERN = NO;
				GCC_VERSION = com.apple.compilers.llvm.clang.1_0;
				GCC_WARN_ABOUT_RETURN_TYPE = YES;
				GCC_WARN_UNUSED_VARIABLE = YES;
				IPHONEOS_DEPLOYMENT_TARGET = 5.0;
				SDKROOT = iphoneos;
				TARGETED_DEVICE_FAMILY = "1,2";
			};
			name = Debug;
		};
		5DEC5E2E172152E30068237A /* Release */ = {
			isa = XCBuildConfiguration;
			buildSettings = {
				ARCHS = "$(ARCHS_STANDARD_32_BIT)";
				"CODE_SIGN_IDENTITY[sdk=iphoneos*]" = "iPhone Developer";
				GCC_C_LANGUAGE_STANDARD = gnu99;
				GCC_PREPROCESSOR_DEFINITIONS = (
					NDEBUG,
					"NS_BLOCK_ASSERTIONS=1",
				);
				GCC_VERSION = com.apple.compilers.llvm.clang.1_0;
				GCC_WARN_ABOUT_RETURN_TYPE = YES;
				GCC_WARN_UNUSED_VARIABLE = YES;
				IPHONEOS_DEPLOYMENT_TARGET = 5.0;
				SDKROOT = iphoneos;
				TARGETED_DEVICE_FAMILY = "1,2";
			};
			name = Release;
		};
		5DEC5E30172152E30068237A /* Debug */ = {
			isa = XCBuildConfiguration;
			buildSettings = {
				ALWAYS_SEARCH_USER_PATHS = NO;
				COPY_PHASE_STRIP = NO;
				FRAMEWORK_SEARCH_PATHS = /usr/lib/libxml2.dylib;
				GCC_DYNAMIC_NO_PIC = NO;
				GCC_PRECOMPILE_PREFIX_HEADER = YES;
				GCC_PREFIX_HEADER = weri/Prefix.pch;
				INFOPLIST_FILE = weri/Resources/Info.plist;
				OTHER_LDFLAGS = (
					"-lz",
					"-ObjC",
					"-lxml2",
					"-lsqlite3",
					"-llibz",
				);
				PRODUCT_NAME = "$(TARGET_NAME)";
				USER_HEADER_SEARCH_PATHS = "$(SDKROOT)/usr/include/libxml2";
				WRAPPER_EXTENSION = app;
			};
			name = Debug;
		};
		5DEC5E31172152E30068237A /* Release */ = {
			isa = XCBuildConfiguration;
			buildSettings = {
				ALWAYS_SEARCH_USER_PATHS = NO;
				COPY_PHASE_STRIP = YES;
				FRAMEWORK_SEARCH_PATHS = /usr/lib/libxml2.dylib;
				GCC_PRECOMPILE_PREFIX_HEADER = YES;
				GCC_PREFIX_HEADER = weri/Prefix.pch;
				INFOPLIST_FILE = weri/Resources/Info.plist;
				OTHER_LDFLAGS = (
					"-lz",
					"-ObjC",
					"-lxml2",
					"-lsqlite3",
					"-llibz",
				);
				PRODUCT_NAME = "$(TARGET_NAME)";
				USER_HEADER_SEARCH_PATHS = "$(SDKROOT)/usr/include/libxml2";
				VALIDATE_PRODUCT = YES;
				WRAPPER_EXTENSION = app;
			};
			name = Release;
		};
/* End XCBuildConfiguration section */

/* Begin XCConfigurationList section */
		5DEC5D93172152E20068237A /* Build configuration list for PBXProject "weri" */ = {
			isa = XCConfigurationList;
			buildConfigurations = (
				5DEC5E2D172152E30068237A /* Debug */,
				5DEC5E2E172152E30068237A /* Release */,
			);
			defaultConfigurationIsVisible = 0;
			defaultConfigurationName = Release;
		};
		5DEC5E2F172152E30068237A /* Build configuration list for PBXNativeTarget "weri" */ = {
			isa = XCConfigurationList;
			buildConfigurations = (
				5DEC5E30172152E30068237A /* Debug */,
				5DEC5E31172152E30068237A /* Release */,
			);
			defaultConfigurationIsVisible = 0;
		};
/* End XCConfigurationList section */
	};
	rootObject = 5DEC5D90172152E20068237A /* Project object */;
}
