// !$*UTF8*$!
{
	archiveVersion = 1;
	classes = {
	};
	objectVersion = 46;
	objects = {

/* Begin PBXBuildFile section */
		5DEC5E3F172153360068237A /* QuartzCore.framework in Frameworks */ = {isa = PBXBuildFile; fileRef = 5DEC5E3E172153360068237A /* QuartzCore.framework */; };
		5DEC5E41172153360068237A /* Security.framework in Frameworks */ = {isa = PBXBuildFile; fileRef = 5DEC5E40172153360068237A /* Security.framework */; };
		5DEC5E43172153360068237A /* SystemConfiguration.framework in Frameworks */ = {isa = PBXBuildFile; fileRef = 5DEC5E42172153360068237A /* SystemConfiguration.framework */; };
		5DEC5E45172153360068237A /* AVFoundation.framework in Frameworks */ = {isa = PBXBuildFile; fileRef = 5DEC5E44172153360068237A /* AVFoundation.framework */; };
		5DEC5E47172153360068237A /* UIKit.framework in Frameworks */ = {isa = PBXBuildFile; fileRef = 5DEC5E46172153360068237A /* UIKit.framework */; };
		5DEC5E49172153360068237A /* Foundation.framework in Frameworks */ = {isa = PBXBuildFile; fileRef = 5DEC5E48172153360068237A /* Foundation.framework */; };
		5DEC5E4B172153360068237A /* CoreGraphics.framework in Frameworks */ = {isa = PBXBuildFile; fileRef = 5DEC5E4A172153360068237A /* CoreGraphics.framework */; };
		5DEC5E4D172153360068237A /* MobileCoreServices.framework in Frameworks */ = {isa = PBXBuildFile; fileRef = 5DEC5E4C172153360068237A /* MobileCoreServices.framework */; };
		5DEC5E4F172153360068237A /* CoreVideo.framework in Frameworks */ = {isa = PBXBuildFile; fileRef = 5DEC5E4E172153360068237A /* CoreVideo.framework */; };
		5DEC5E51172153360068237A /* CoreMedia.framework in Frameworks */ = {isa = PBXBuildFile; fileRef = 5DEC5E50172153360068237A /* CoreMedia.framework */; };
		5DEC5E53172153360068237A /* CFNetwork.framework in Frameworks */ = {isa = PBXBuildFile; fileRef = 5DEC5E52172153360068237A /* CFNetwork.framework */; };
		5DEC5E57172153360068237A /* Default.png in Resources */ = {isa = PBXBuildFile; fileRef = 5DEC5E56172153360068237A /* Default.png */; };
		5DEC5E59172153360068237A /* Default@2x.png in Resources */ = {isa = PBXBuildFile; fileRef = 5DEC5E58172153360068237A /* Default@2x.png */; };
		5DEC5E5B172153360068237A /* Default-568h@2x.png in Resources */ = {isa = PBXBuildFile; fileRef = 5DEC5E5A172153360068237A /* Default-568h@2x.png */; };
		5DEC5E5D172153360068237A /* icon.png in Resources */ = {isa = PBXBuildFile; fileRef = 5DEC5E5C172153360068237A /* icon.png */; };
		5DEC5E5F172153360068237A /* icon@2x.png in Resources */ = {isa = PBXBuildFile; fileRef = 5DEC5E5E172153360068237A /* icon@2x.png */; };
		5DEC5E62172153360068237A /* iTunesArtwork in Resources */ = {isa = PBXBuildFile; fileRef = 5DEC5E61172153360068237A /* iTunesArtwork */; };
		5DEC5E66172153360068237A /* main.m in Sources */ = {isa = PBXBuildFile; fileRef = 5DEC5E65172153360068237A /* main.m */; };
		5DEC5E69172153360068237A /* AppDelegate.m in Sources */ = {isa = PBXBuildFile; fileRef = 5DEC5E68172153360068237A /* AppDelegate.m */; };
		5DEC5E6C172153360068237A /* HelloWorldLayer.m in Sources */ = {isa = PBXBuildFile; fileRef = 5DEC5E6B172153360068237A /* HelloWorldLayer.m */; };
		5DEC5E6F172153360068237A /* IntroLayer.m in Sources */ = {isa = PBXBuildFile; fileRef = 5DEC5E6E172153360068237A /* IntroLayer.m */; };
/* End PBXBuildFile section */

/* Begin PBXFileReference section */
		5DEC5E3B172153360068237A /* dshj.app */ = {isa = PBXFileReference; explicitFileType = wrapper.application; includeInIndex = 0; path = dshj.app; sourceTree = BUILT_PRODUCTS_DIR; };
		5DEC5E3E172153360068237A /* QuartzCore.framework */ = {isa = PBXFileReference; lastKnownFileType = wrapper.framework; name = QuartzCore.framework; path = System/Library/Frameworks/QuartzCore.framework; sourceTree = SDKROOT; };
		5DEC5E40172153360068237A /* Security.framework */ = {isa = PBXFileReference; lastKnownFileType = wrapper.framework; name = Security.framework; path = System/Library/Frameworks/Security.framework; sourceTree = SDKROOT; };
		5DEC5E42172153360068237A /* SystemConfiguration.framework */ = {isa = PBXFileReference; lastKnownFileType = wrapper.framework; name = SystemConfiguration.framework; path = System/Library/Frameworks/SystemConfiguration.framework; sourceTree = SDKROOT; };
		5DEC5E44172153360068237A /* AVFoundation.framework */ = {isa = PBXFileReference; lastKnownFileType = wrapper.framework; name = AVFoundation.framework; path = System/Library/Frameworks/AVFoundation.framework; sourceTree = SDKROOT; };
		5DEC5E46172153360068237A /* UIKit.framework */ = {isa = PBXFileReference; lastKnownFileType = wrapper.framework; name = UIKit.framework; path = System/Library/Frameworks/UIKit.framework; sourceTree = SDKROOT; };
		5DEC5E48172153360068237A /* Foundation.framework */ = {isa = PBXFileReference; lastKnownFileType = wrapper.framework; name = Foundation.framework; path = System/Library/Frameworks/Foundation.framework; sourceTree = SDKROOT; };
		5DEC5E4A172153360068237A /* CoreGraphics.framework */ = {isa = PBXFileReference; lastKnownFileType = wrapper.framework; name = CoreGraphics.framework; path = System/Library/Frameworks/CoreGraphics.framework; sourceTree = SDKROOT; };
		5DEC5E4C172153360068237A /* MobileCoreServices.framework */ = {isa = PBXFileReference; lastKnownFileType = wrapper.framework; name = MobileCoreServices.framework; path = System/Library/Frameworks/MobileCoreServices.framework; sourceTree = SDKROOT; };
		5DEC5E4E172153360068237A /* CoreVideo.framework */ = {isa = PBXFileReference; lastKnownFileType = wrapper.framework; name = CoreVideo.framework; path = System/Library/Frameworks/CoreVideo.framework; sourceTree = SDKROOT; };
		5DEC5E50172153360068237A /* CoreMedia.framework */ = {isa = PBXFileReference; lastKnownFileType = wrapper.framework; name = CoreMedia.framework; path = System/Library/Frameworks/CoreMedia.framework; sourceTree = SDKROOT; };
		5DEC5E52172153360068237A /* CFNetwork.framework */ = {isa = PBXFileReference; lastKnownFileType = wrapper.framework; name = CFNetwork.framework; path = System/Library/Frameworks/CFNetwork.framework; sourceTree = SDKROOT; };
		5DEC5E56172153360068237A /* Default.png */ = {isa = PBXFileReference; lastKnownFileType = image.png; name = Default.png; path = Resources/Default.png; sourceTree = "<group>"; };
		5DEC5E58172153360068237A /* Default@2x.png */ = {isa = PBXFileReference; lastKnownFileType = image.png; name = "Default@2x.png"; path = "Resources/Default@2x.png"; sourceTree = "<group>"; };
		5DEC5E5A172153360068237A /* Default-568h@2x.png */ = {isa = PBXFileReference; lastKnownFileType = image.png; name = "Default-568h@2x.png"; path = "Resources/Default-568h@2x.png"; sourceTree = "<group>"; };
		5DEC5E5C172153360068237A /* icon.png */ = {isa = PBXFileReference; lastKnownFileType = image.png; name = icon.png; path = Resources/icon.png; sourceTree = "<group>"; };
		5DEC5E5E172153360068237A /* icon@2x.png */ = {isa = PBXFileReference; lastKnownFileType = image.png; name = "icon@2x.png"; path = "Resources/icon@2x.png"; sourceTree = "<group>"; };
		5DEC5E60172153360068237A /* Info.plist */ = {isa = PBXFileReference; lastKnownFileType = text.plist.xml; name = Info.plist; path = Resources/Info.plist; sourceTree = "<group>"; };
		5DEC5E61172153360068237A /* iTunesArtwork */ = {isa = PBXFileReference; lastKnownFileType = file; name = iTunesArtwork; path = Resources/iTunesArtwork; sourceTree = "<group>"; };
		5DEC5E64172153360068237A /* Prefix.pch */ = {isa = PBXFileReference; lastKnownFileType = sourcecode.c.h; path = Prefix.pch; sourceTree = "<group>"; };
		5DEC5E65172153360068237A /* main.m */ = {isa = PBXFileReference; lastKnownFileType = sourcecode.c.objc; path = main.m; sourceTree = "<group>"; };
		5DEC5E67172153360068237A /* AppDelegate.h */ = {isa = PBXFileReference; lastKnownFileType = sourcecode.c.h; path = AppDelegate.h; sourceTree = "<group>"; };
		5DEC5E68172153360068237A /* AppDelegate.m */ = {isa = PBXFileReference; lastKnownFileType = sourcecode.c.objc; path = AppDelegate.m; sourceTree = "<group>"; };
		5DEC5E6A172153360068237A /* HelloWorldLayer.h */ = {isa = PBXFileReference; lastKnownFileType = sourcecode.c.h; path = HelloWorldLayer.h; sourceTree = "<group>"; };
		5DEC5E6B172153360068237A /* HelloWorldLayer.m */ = {isa = PBXFileReference; lastKnownFileType = sourcecode.c.objc; path = HelloWorldLayer.m; sourceTree = "<group>"; };
		5DEC5E6D172153360068237A /* IntroLayer.h */ = {isa = PBXFileReference; lastKnownFileType = sourcecode.c.h; path = IntroLayer.h; sourceTree = "<group>"; };
		5DEC5E6E172153360068237A /* IntroLayer.m */ = {isa = PBXFileReference; lastKnownFileType = sourcecode.c.objc; path = IntroLayer.m; sourceTree = "<group>"; };
/* End PBXFileReference section */

/* Begin PBXFrameworksBuildPhase section */
		5DEC5E38172153360068237A /* Frameworks */ = {
			isa = PBXFrameworksBuildPhase;
			buildActionMask = 2147483647;
			files = (
				5DEC5E3F172153360068237A /* QuartzCore.framework in Frameworks */,
				5DEC5E41172153360068237A /* Security.framework in Frameworks */,
				5DEC5E43172153360068237A /* SystemConfiguration.framework in Frameworks */,
				5DEC5E45172153360068237A /* AVFoundation.framework in Frameworks */,
				5DEC5E47172153360068237A /* UIKit.framework in Frameworks */,
				5DEC5E49172153360068237A /* Foundation.framework in Frameworks */,
				5DEC5E4B172153360068237A /* CoreGraphics.framework in Frameworks */,
				5DEC5E4D172153360068237A /* MobileCoreServices.framework in Frameworks */,
				5DEC5E4F172153360068237A /* CoreVideo.framework in Frameworks */,
				5DEC5E51172153360068237A /* CoreMedia.framework in Frameworks */,
				5DEC5E53172153360068237A /* CFNetwork.framework in Frameworks */,
			);
			runOnlyForDeploymentPostprocessing = 0;
		};
/* End PBXFrameworksBuildPhase section */

/* Begin PBXGroup section */
		5DEC5E32172153360068237A = {
			isa = PBXGroup;
			children = (
				5DEC5E54172153360068237A /* dshj */,
				5DEC5E3D172153360068237A /* Frameworks */,
				5DEC5E3C172153360068237A /* Products */,
			);
			sourceTree = "<group>";
		};
		5DEC5E3C172153360068237A /* Products */ = {
			isa = PBXGroup;
			children = (
				5DEC5E3B172153360068237A /* dshj.app */,
			);
			name = Products;
			sourceTree = "<group>";
		};
		5DEC5E3D172153360068237A /* Frameworks */ = {
			isa = PBXGroup;
			children = (
				5DEC5E3E172153360068237A /* QuartzCore.framework */,
				5DEC5E40172153360068237A /* Security.framework */,
				5DEC5E42172153360068237A /* SystemConfiguration.framework */,
				5DEC5E44172153360068237A /* AVFoundation.framework */,
				5DEC5E46172153360068237A /* UIKit.framework */,
				5DEC5E48172153360068237A /* Foundation.framework */,
				5DEC5E4A172153360068237A /* CoreGraphics.framework */,
				5DEC5E4C172153360068237A /* MobileCoreServices.framework */,
				5DEC5E4E172153360068237A /* CoreVideo.framework */,
				5DEC5E50172153360068237A /* CoreMedia.framework */,
				5DEC5E52172153360068237A /* CFNetwork.framework */,
			);
			name = Frameworks;
			sourceTree = "<group>";
		};
		5DEC5E54172153360068237A /* dshj */ = {
			isa = PBXGroup;
			children = (
				5DEC5E5C172153360068237A /* icon.png */,
				5DEC5E5E172153360068237A /* icon@2x.png */,
				5DEC5E67172153360068237A /* AppDelegate.h */,
				5DEC5E68172153360068237A /* AppDelegate.m */,
				5DEC5E6A172153360068237A /* HelloWorldLayer.h */,
				5DEC5E6B172153360068237A /* HelloWorldLayer.m */,
				5DEC5E6D172153360068237A /* IntroLayer.h */,
				5DEC5E6E172153360068237A /* IntroLayer.m */,
				5DEC5E55172153360068237A /* Resources */,
				5DEC5E63172153360068237A /* Supporting Files */,
			);
			path = dshj;
			sourceTree = "<group>";
		};
		5DEC5E55172153360068237A /* Resources */ = {
			isa = PBXGroup;
			children = (
				5DEC5E56172153360068237A /* Default.png */,
				5DEC5E58172153360068237A /* Default@2x.png */,
				5DEC5E5A172153360068237A /* Default-568h@2x.png */,
				5DEC5E60172153360068237A /* Info.plist */,
				5DEC5E61172153360068237A /* iTunesArtwork */,
			);
			name = Resources;
			sourceTree = "<group>";
		};
		5DEC5E63172153360068237A /* Supporting Files */ = {
			isa = PBXGroup;
			children = (
				5DEC5E64172153360068237A /* Prefix.pch */,
				5DEC5E65172153360068237A /* main.m */,
			);
			name = "Supporting Files";
			sourceTree = "<group>";
		};
/* End PBXGroup section */

/* Begin PBXNativeTarget section */
		5DEC5E3A172153360068237A /* dshj */ = {
			isa = PBXNativeTarget;
			buildConfigurationList = 5DEC5E72172153360068237A /* Build configuration list for PBXNativeTarget "dshj" */;
			buildPhases = (
				5DEC5E37172153360068237A /* Sources */,
				5DEC5E38172153360068237A /* Frameworks */,
				5DEC5E39172153360068237A /* Resources */,
			);
			buildRules = (
			);
			dependencies = (
			);
			name = dshj;
			productName = dshj;
			productReference = 5DEC5E3B172153360068237A /* dshj.app */;
			productType = "com.apple.product-type.application";
		};
/* End PBXNativeTarget section */

/* Begin PBXProject section */
		5DEC5E33172153360068237A /* Project object */ = {
			isa = PBXProject;
			attributes = {
				LastUpgradeCheck = 0460;
			};
			buildConfigurationList = 5DEC5E36172153360068237A /* Build configuration list for PBXProject "dshj" */;
			compatibilityVersion = "Xcode 3.2";
			developmentRegion = English;
			hasScannedForEncodings = 0;
			knownRegions = (
				en,
			);
			mainGroup = 5DEC5E32172153360068237A;
			productRefGroup = 5DEC5E3C172153360068237A /* Products */;
			projectDirPath = "";
			projectRoot = "";
			targets = (
				5DEC5E3A172153360068237A /* dshj */,
			);
		};
/* End PBXProject section */

/* Begin PBXResourcesBuildPhase section */
		5DEC5E39172153360068237A /* Resources */ = {
			isa = PBXResourcesBuildPhase;
			buildActionMask = 2147483647;
			files = (
				5DEC5E57172153360068237A /* Default.png in Resources */,
				5DEC5E59172153360068237A /* Default@2x.png in Resources */,
				5DEC5E5B172153360068237A /* Default-568h@2x.png in Resources */,
				5DEC5E5D172153360068237A /* icon.png in Resources */,
				5DEC5E5F172153360068237A /* icon@2x.png in Resources */,
				5DEC5E62172153360068237A /* iTunesArtwork in Resources */,
			);
			runOnlyForDeploymentPostprocessing = 0;
		};
/* End PBXResourcesBuildPhase section */

/* Begin PBXSourcesBuildPhase section */
		5DEC5E37172153360068237A /* Sources */ = {
			isa = PBXSourcesBuildPhase;
			buildActionMask = 2147483647;
			files = (
				5DEC5E66172153360068237A /* main.m in Sources */,
				5DEC5E69172153360068237A /* AppDelegate.m in Sources */,
				5DEC5E6C172153360068237A /* HelloWorldLayer.m in Sources */,
				5DEC5E6F172153360068237A /* IntroLayer.m in Sources */,
			);
			runOnlyForDeploymentPostprocessing = 0;
		};
/* End PBXSourcesBuildPhase section */

/* Begin XCBuildConfiguration section */
		5DEC5E70172153360068237A /* Debug */ = {
			isa = XCBuildConfiguration;
			buildSettings = {
				ARCHS = "$(ARCHS_STANDARD_32_BIT)";
				"CODE_SIGN_IDENTITY[sdk=iphoneos*]" = "iPhone Developer";
				GCC_C_LANGUAGE_STANDARD = gnu99;
				GCC_OPTIMIZATION_LEVEL = 0;
				GCC_PREPROCESSOR_DEFINITIONS = (
					DEBUG,
					"BEE_DEBUG=1",
				);
				GCC_SYMBOLS_PRIVATE_EXTERN = NO;
				GCC_VERSION = com.apple.compilers.llvm.clang.1_0;
				GCC_WARN_ABOUT_RETURN_TYPE = YES;
				GCC_WARN_UNUSED_VARIABLE = YES;
				IPHONEOS_DEPLOYMENT_TARGET = 5.0;
				SDKROOT = iphoneos;
				TARGETED_DEVICE_FAMILY = "1,2";
			};
			name = Debug;
		};
		5DEC5E71172153360068237A /* Release */ = {
			isa = XCBuildConfiguration;
			buildSettings = {
				ARCHS = "$(ARCHS_STANDARD_32_BIT)";
				"CODE_SIGN_IDENTITY[sdk=iphoneos*]" = "iPhone Developer";
				GCC_C_LANGUAGE_STANDARD = gnu99;
				GCC_PREPROCESSOR_DEFINITIONS = (
					NDEBUG,
					"NS_BLOCK_ASSERTIONS=1",
				);
				GCC_VERSION = com.apple.compilers.llvm.clang.1_0;
				GCC_WARN_ABOUT_RETURN_TYPE = YES;
				GCC_WARN_UNUSED_VARIABLE = YES;
				IPHONEOS_DEPLOYMENT_TARGET = 5.0;
				SDKROOT = iphoneos;
				TARGETED_DEVICE_FAMILY = "1,2";
			};
			name = Release;
		};
		5DEC5E73172153360068237A /* Debug */ = {
			isa = XCBuildConfiguration;
			buildSettings = {
				ALWAYS_SEARCH_USER_PATHS = NO;
				COPY_PHASE_STRIP = NO;
				FRAMEWORK_SEARCH_PATHS = /usr/lib/libxml2.dylib;
				GCC_DYNAMIC_NO_PIC = NO;
				GCC_PRECOMPILE_PREFIX_HEADER = YES;
				GCC_PREFIX_HEADER = dshj/Prefix.pch;
				INFOPLIST_FILE = dshj/Resources/Info.plist;
				OTHER_LDFLAGS = (
					"-lz",
					"-ObjC",
					"-lxml2",
					"-lsqlite3",
					"-llibz",
				);
				PRODUCT_NAME = "$(TARGET_NAME)";
				USER_HEADER_SEARCH_PATHS = "$(SDKROOT)/usr/include/libxml2";
				WRAPPER_EXTENSION = app;
			};
			name = Debug;
		};
		5DEC5E74172153360068237A /* Release */ = {
			isa = XCBuildConfiguration;
			buildSettings = {
				ALWAYS_SEARCH_USER_PATHS = NO;
				COPY_PHASE_STRIP = YES;
				FRAMEWORK_SEARCH_PATHS = /usr/lib/libxml2.dylib;
				GCC_PRECOMPILE_PREFIX_HEADER = YES;
				GCC_PREFIX_HEADER = dshj/Prefix.pch;
				INFOPLIST_FILE = dshj/Resources/Info.plist;
				OTHER_LDFLAGS = (
					"-lz",
					"-ObjC",
					"-lxml2",
					"-lsqlite3",
					"-llibz",
				);
				PRODUCT_NAME = "$(TARGET_NAME)";
				USER_HEADER_SEARCH_PATHS = "$(SDKROOT)/usr/include/libxml2";
				VALIDATE_PRODUCT = YES;
				WRAPPER_EXTENSION = app;
			};
			name = Release;
		};
/* End XCBuildConfiguration section */

/* Begin XCConfigurationList section */
		5DEC5E36172153360068237A /* Build configuration list for PBXProject "dshj" */ = {
			isa = XCConfigurationList;
			buildConfigurations = (
				5DEC5E70172153360068237A /* Debug */,
				5DEC5E71172153360068237A /* Release */,
			);
			defaultConfigurationIsVisible = 0;
			defaultConfigurationName = Release;
		};
		5DEC5E72172153360068237A /* Build configuration list for PBXNativeTarget "dshj" */ = {
			isa = XCConfigurationList;
			buildConfigurations = (
				5DEC5E73172153360068237A /* Debug */,
				5DEC5E74172153360068237A /* Release */,
			);
			defaultConfigurationIsVisible = 0;
		};
/* End XCConfigurationList section */
	};
	rootObject = 5DEC5E33172153360068237A /* Project object */;
}
