// !$*UTF8*$!
{
	archiveVersion = 1;
	classes = {
	};
	objectVersion = 46;
	objects = {

/* Begin PBXBuildFile section */
		5DEC5BB91721389D0068237A /* QuartzCore.framework in Frameworks */ = {isa = PBXBuildFile; fileRef = 5DEC5BB81721389D0068237A /* QuartzCore.framework */; };
		5DEC5BBB1721389D0068237A /* Security.framework in Frameworks */ = {isa = PBXBuildFile; fileRef = 5DEC5BBA1721389D0068237A /* Security.framework */; };
		5DEC5BBD1721389D0068237A /* SystemConfiguration.framework in Frameworks */ = {isa = PBXBuildFile; fileRef = 5DEC5BBC1721389D0068237A /* SystemConfiguration.framework */; };
		5DEC5BBF1721389D0068237A /* AVFoundation.framework in Frameworks */ = {isa = PBXBuildFile; fileRef = 5DEC5BBE1721389D0068237A /* AVFoundation.framework */; };
		5DEC5BC11721389D0068237A /* UIKit.framework in Frameworks */ = {isa = PBXBuildFile; fileRef = 5DEC5BC01721389D0068237A /* UIKit.framework */; };
		5DEC5BC31721389D0068237A /* Foundation.framework in Frameworks */ = {isa = PBXBuildFile; fileRef = 5DEC5BC21721389D0068237A /* Foundation.framework */; };
		5DEC5BC51721389D0068237A /* CoreGraphics.framework in Frameworks */ = {isa = PBXBuildFile; fileRef = 5DEC5BC41721389D0068237A /* CoreGraphics.framework */; };
		5DEC5BC71721389D0068237A /* MobileCoreServices.framework in Frameworks */ = {isa = PBXBuildFile; fileRef = 5DEC5BC61721389D0068237A /* MobileCoreServices.framework */; };
		5DEC5BC91721389D0068237A /* CoreVideo.framework in Frameworks */ = {isa = PBXBuildFile; fileRef = 5DEC5BC81721389D0068237A /* CoreVideo.framework */; };
		5DEC5BCB1721389D0068237A /* CoreMedia.framework in Frameworks */ = {isa = PBXBuildFile; fileRef = 5DEC5BCA1721389D0068237A /* CoreMedia.framework */; };
		5DEC5BCD1721389D0068237A /* CFNetwork.framework in Frameworks */ = {isa = PBXBuildFile; fileRef = 5DEC5BCC1721389D0068237A /* CFNetwork.framework */; };
		5DEC5BD11721389D0068237A /* Default.png in Resources */ = {isa = PBXBuildFile; fileRef = 5DEC5BD01721389D0068237A /* Default.png */; };
		5DEC5BD31721389D0068237A /* Default@2x.png in Resources */ = {isa = PBXBuildFile; fileRef = 5DEC5BD21721389D0068237A /* Default@2x.png */; };
		5DEC5BD51721389D0068237A /* Default-568h@2x.png in Resources */ = {isa = PBXBuildFile; fileRef = 5DEC5BD41721389D0068237A /* Default-568h@2x.png */; };
		5DEC5BD71721389D0068237A /* icon.png in Resources */ = {isa = PBXBuildFile; fileRef = 5DEC5BD61721389D0068237A /* icon.png */; };
		5DEC5BD91721389D0068237A /* icon@2x.png in Resources */ = {isa = PBXBuildFile; fileRef = 5DEC5BD81721389D0068237A /* icon@2x.png */; };
		5DEC5BDC1721389E0068237A /* iTunesArtwork in Resources */ = {isa = PBXBuildFile; fileRef = 5DEC5BDB1721389E0068237A /* iTunesArtwork */; };
		5DEC5BE01721389E0068237A /* main.m in Sources */ = {isa = PBXBuildFile; fileRef = 5DEC5BDF1721389E0068237A /* main.m */; };
		5DEC5BE31721389E0068237A /* AppDelegate.m in Sources */ = {isa = PBXBuildFile; fileRef = 5DEC5BE21721389E0068237A /* AppDelegate.m */; };
		5DEC5BE61721389E0068237A /* HelloWorldLayer.m in Sources */ = {isa = PBXBuildFile; fileRef = 5DEC5BE51721389E0068237A /* HelloWorldLayer.m */; };
		5DEC5BE91721389E0068237A /* IntroLayer.m in Sources */ = {isa = PBXBuildFile; fileRef = 5DEC5BE81721389E0068237A /* IntroLayer.m */; };
/* End PBXBuildFile section */

/* Begin PBXFileReference section */
		5DEC5BB51721389D0068237A /* dsfsdss.app */ = {isa = PBXFileReference; explicitFileType = wrapper.application; includeInIndex = 0; path = dsfsdss.app; sourceTree = BUILT_PRODUCTS_DIR; };
		5DEC5BB81721389D0068237A /* QuartzCore.framework */ = {isa = PBXFileReference; lastKnownFileType = wrapper.framework; name = QuartzCore.framework; path = System/Library/Frameworks/QuartzCore.framework; sourceTree = SDKROOT; };
		5DEC5BBA1721389D0068237A /* Security.framework */ = {isa = PBXFileReference; lastKnownFileType = wrapper.framework; name = Security.framework; path = System/Library/Frameworks/Security.framework; sourceTree = SDKROOT; };
		5DEC5BBC1721389D0068237A /* SystemConfiguration.framework */ = {isa = PBXFileReference; lastKnownFileType = wrapper.framework; name = SystemConfiguration.framework; path = System/Library/Frameworks/SystemConfiguration.framework; sourceTree = SDKROOT; };
		5DEC5BBE1721389D0068237A /* AVFoundation.framework */ = {isa = PBXFileReference; lastKnownFileType = wrapper.framework; name = AVFoundation.framework; path = System/Library/Frameworks/AVFoundation.framework; sourceTree = SDKROOT; };
		5DEC5BC01721389D0068237A /* UIKit.framework */ = {isa = PBXFileReference; lastKnownFileType = wrapper.framework; name = UIKit.framework; path = System/Library/Frameworks/UIKit.framework; sourceTree = SDKROOT; };
		5DEC5BC21721389D0068237A /* Foundation.framework */ = {isa = PBXFileReference; lastKnownFileType = wrapper.framework; name = Foundation.framework; path = System/Library/Frameworks/Foundation.framework; sourceTree = SDKROOT; };
		5DEC5BC41721389D0068237A /* CoreGraphics.framework */ = {isa = PBXFileReference; lastKnownFileType = wrapper.framework; name = CoreGraphics.framework; path = System/Library/Frameworks/CoreGraphics.framework; sourceTree = SDKROOT; };
		5DEC5BC61721389D0068237A /* MobileCoreServices.framework */ = {isa = PBXFileReference; lastKnownFileType = wrapper.framework; name = MobileCoreServices.framework; path = System/Library/Frameworks/MobileCoreServices.framework; sourceTree = SDKROOT; };
		5DEC5BC81721389D0068237A /* CoreVideo.framework */ = {isa = PBXFileReference; lastKnownFileType = wrapper.framework; name = CoreVideo.framework; path = System/Library/Frameworks/CoreVideo.framework; sourceTree = SDKROOT; };
		5DEC5BCA1721389D0068237A /* CoreMedia.framework */ = {isa = PBXFileReference; lastKnownFileType = wrapper.framework; name = CoreMedia.framework; path = System/Library/Frameworks/CoreMedia.framework; sourceTree = SDKROOT; };
		5DEC5BCC1721389D0068237A /* CFNetwork.framework */ = {isa = PBXFileReference; lastKnownFileType = wrapper.framework; name = CFNetwork.framework; path = System/Library/Frameworks/CFNetwork.framework; sourceTree = SDKROOT; };
		5DEC5BD01721389D0068237A /* Default.png */ = {isa = PBXFileReference; lastKnownFileType = image.png; name = Default.png; path = Resources/Default.png; sourceTree = "<group>"; };
		5DEC5BD21721389D0068237A /* Default@2x.png */ = {isa = PBXFileReference; lastKnownFileType = image.png; name = "Default@2x.png"; path = "Resources/Default@2x.png"; sourceTree = "<group>"; };
		5DEC5BD41721389D0068237A /* Default-568h@2x.png */ = {isa = PBXFileReference; lastKnownFileType = image.png; name = "Default-568h@2x.png"; path = "Resources/Default-568h@2x.png"; sourceTree = "<group>"; };
		5DEC5BD61721389D0068237A /* icon.png */ = {isa = PBXFileReference; lastKnownFileType = image.png; name = icon.png; path = Resources/icon.png; sourceTree = "<group>"; };
		5DEC5BD81721389D0068237A /* icon@2x.png */ = {isa = PBXFileReference; lastKnownFileType = image.png; name = "icon@2x.png"; path = "Resources/icon@2x.png"; sourceTree = "<group>"; };
		5DEC5BDA1721389E0068237A /* Info.plist */ = {isa = PBXFileReference; lastKnownFileType = text.plist.xml; name = Info.plist; path = Resources/Info.plist; sourceTree = "<group>"; };
		5DEC5BDB1721389E0068237A /* iTunesArtwork */ = {isa = PBXFileReference; lastKnownFileType = file; name = iTunesArtwork; path = Resources/iTunesArtwork; sourceTree = "<group>"; };
		5DEC5BDE1721389E0068237A /* Prefix.pch */ = {isa = PBXFileReference; lastKnownFileType = sourcecode.c.h; path = Prefix.pch; sourceTree = "<group>"; };
		5DEC5BDF1721389E0068237A /* main.m */ = {isa = PBXFileReference; lastKnownFileType = sourcecode.c.objc; path = main.m; sourceTree = "<group>"; };
		5DEC5BE11721389E0068237A /* AppDelegate.h */ = {isa = PBXFileReference; lastKnownFileType = sourcecode.c.h; path = AppDelegate.h; sourceTree = "<group>"; };
		5DEC5BE21721389E0068237A /* AppDelegate.m */ = {isa = PBXFileReference; lastKnownFileType = sourcecode.c.objc; path = AppDelegate.m; sourceTree = "<group>"; };
		5DEC5BE41721389E0068237A /* HelloWorldLayer.h */ = {isa = PBXFileReference; lastKnownFileType = sourcecode.c.h; path = HelloWorldLayer.h; sourceTree = "<group>"; };
		5DEC5BE51721389E0068237A /* HelloWorldLayer.m */ = {isa = PBXFileReference; lastKnownFileType = sourcecode.c.objc; path = HelloWorldLayer.m; sourceTree = "<group>"; };
		5DEC5BE71721389E0068237A /* IntroLayer.h */ = {isa = PBXFileReference; lastKnownFileType = sourcecode.c.h; path = IntroLayer.h; sourceTree = "<group>"; };
		5DEC5BE81721389E0068237A /* IntroLayer.m */ = {isa = PBXFileReference; lastKnownFileType = sourcecode.c.objc; path = IntroLayer.m; sourceTree = "<group>"; };
/* End PBXFileReference section */

/* Begin PBXFrameworksBuildPhase section */
		5DEC5BB21721389D0068237A /* Frameworks */ = {
			isa = PBXFrameworksBuildPhase;
			buildActionMask = 2147483647;
			files = (
				5DEC5BB91721389D0068237A /* QuartzCore.framework in Frameworks */,
				5DEC5BBB1721389D0068237A /* Security.framework in Frameworks */,
				5DEC5BBD1721389D0068237A /* SystemConfiguration.framework in Frameworks */,
				5DEC5BBF1721389D0068237A /* AVFoundation.framework in Frameworks */,
				5DEC5BC11721389D0068237A /* UIKit.framework in Frameworks */,
				5DEC5BC31721389D0068237A /* Foundation.framework in Frameworks */,
				5DEC5BC51721389D0068237A /* CoreGraphics.framework in Frameworks */,
				5DEC5BC71721389D0068237A /* MobileCoreServices.framework in Frameworks */,
				5DEC5BC91721389D0068237A /* CoreVideo.framework in Frameworks */,
				5DEC5BCB1721389D0068237A /* CoreMedia.framework in Frameworks */,
				5DEC5BCD1721389D0068237A /* CFNetwork.framework in Frameworks */,
			);
			runOnlyForDeploymentPostprocessing = 0;
		};
/* End PBXFrameworksBuildPhase section */

/* Begin PBXGroup section */
		5DEC5BAC1721389D0068237A = {
			isa = PBXGroup;
			children = (
				5DEC5BCE1721389D0068237A /* dsfsdss */,
				5DEC5BB71721389D0068237A /* Frameworks */,
				5DEC5BB61721389D0068237A /* Products */,
			);
			sourceTree = "<group>";
		};
		5DEC5BB61721389D0068237A /* Products */ = {
			isa = PBXGroup;
			children = (
				5DEC5BB51721389D0068237A /* dsfsdss.app */,
			);
			name = Products;
			sourceTree = "<group>";
		};
		5DEC5BB71721389D0068237A /* Frameworks */ = {
			isa = PBXGroup;
			children = (
				5DEC5BB81721389D0068237A /* QuartzCore.framework */,
				5DEC5BBA1721389D0068237A /* Security.framework */,
				5DEC5BBC1721389D0068237A /* SystemConfiguration.framework */,
				5DEC5BBE1721389D0068237A /* AVFoundation.framework */,
				5DEC5BC01721389D0068237A /* UIKit.framework */,
				5DEC5BC21721389D0068237A /* Foundation.framework */,
				5DEC5BC41721389D0068237A /* CoreGraphics.framework */,
				5DEC5BC61721389D0068237A /* MobileCoreServices.framework */,
				5DEC5BC81721389D0068237A /* CoreVideo.framework */,
				5DEC5BCA1721389D0068237A /* CoreMedia.framework */,
				5DEC5BCC1721389D0068237A /* CFNetwork.framework */,
			);
			name = Frameworks;
			sourceTree = "<group>";
		};
		5DEC5BCE1721389D0068237A /* dsfsdss */ = {
			isa = PBXGroup;
			children = (
				5DEC5BD61721389D0068237A /* icon.png */,
				5DEC5BD81721389D0068237A /* icon@2x.png */,
				5DEC5BE11721389E0068237A /* AppDelegate.h */,
				5DEC5BE21721389E0068237A /* AppDelegate.m */,
				5DEC5BE41721389E0068237A /* HelloWorldLayer.h */,
				5DEC5BE51721389E0068237A /* HelloWorldLayer.m */,
				5DEC5BE71721389E0068237A /* IntroLayer.h */,
				5DEC5BE81721389E0068237A /* IntroLayer.m */,
				5DEC5BCF1721389D0068237A /* Resources */,
				5DEC5BDD1721389E0068237A /* Supporting Files */,
			);
			path = dsfsdss;
			sourceTree = "<group>";
		};
		5DEC5BCF1721389D0068237A /* Resources */ = {
			isa = PBXGroup;
			children = (
				5DEC5BD01721389D0068237A /* Default.png */,
				5DEC5BD21721389D0068237A /* Default@2x.png */,
				5DEC5BD41721389D0068237A /* Default-568h@2x.png */,
				5DEC5BDA1721389E0068237A /* Info.plist */,
				5DEC5BDB1721389E0068237A /* iTunesArtwork */,
			);
			name = Resources;
			sourceTree = "<group>";
		};
		5DEC5BDD1721389E0068237A /* Supporting Files */ = {
			isa = PBXGroup;
			children = (
				5DEC5BDE1721389E0068237A /* Prefix.pch */,
				5DEC5BDF1721389E0068237A /* main.m */,
			);
			name = "Supporting Files";
			sourceTree = "<group>";
		};
/* End PBXGroup section */

/* Begin PBXNativeTarget section */
		5DEC5BB41721389D0068237A /* dsfsdss */ = {
			isa = PBXNativeTarget;
			buildConfigurationList = 5DEC5BEC1721389E0068237A /* Build configuration list for PBXNativeTarget "dsfsdss" */;
			buildPhases = (
				5DEC5BB11721389D0068237A /* Sources */,
				5DEC5BB21721389D0068237A /* Frameworks */,
				5DEC5BB31721389D0068237A /* Resources */,
			);
			buildRules = (
			);
			dependencies = (
			);
			name = dsfsdss;
			productName = dsfsdss;
			productReference = 5DEC5BB51721389D0068237A /* dsfsdss.app */;
			productType = "com.apple.product-type.application";
		};
/* End PBXNativeTarget section */

/* Begin PBXProject section */
		5DEC5BAD1721389D0068237A /* Project object */ = {
			isa = PBXProject;
			attributes = {
				LastUpgradeCheck = 0460;
			};
			buildConfigurationList = 5DEC5BB01721389D0068237A /* Build configuration list for PBXProject "dsfsdss" */;
			compatibilityVersion = "Xcode 3.2";
			developmentRegion = English;
			hasScannedForEncodings = 0;
			knownRegions = (
				en,
			);
			mainGroup = 5DEC5BAC1721389D0068237A;
			productRefGroup = 5DEC5BB61721389D0068237A /* Products */;
			projectDirPath = "";
			projectRoot = "";
			targets = (
				5DEC5BB41721389D0068237A /* dsfsdss */,
			);
		};
/* End PBXProject section */

/* Begin PBXResourcesBuildPhase section */
		5DEC5BB31721389D0068237A /* Resources */ = {
			isa = PBXResourcesBuildPhase;
			buildActionMask = 2147483647;
			files = (
				5DEC5BD11721389D0068237A /* Default.png in Resources */,
				5DEC5BD31721389D0068237A /* Default@2x.png in Resources */,
				5DEC5BD51721389D0068237A /* Default-568h@2x.png in Resources */,
				5DEC5BD71721389D0068237A /* icon.png in Resources */,
				5DEC5BD91721389D0068237A /* icon@2x.png in Resources */,
				5DEC5BDC1721389E0068237A /* iTunesArtwork in Resources */,
			);
			runOnlyForDeploymentPostprocessing = 0;
		};
/* End PBXResourcesBuildPhase section */

/* Begin PBXSourcesBuildPhase section */
		5DEC5BB11721389D0068237A /* Sources */ = {
			isa = PBXSourcesBuildPhase;
			buildActionMask = 2147483647;
			files = (
				5DEC5BE01721389E0068237A /* main.m in Sources */,
				5DEC5BE31721389E0068237A /* AppDelegate.m in Sources */,
				5DEC5BE61721389E0068237A /* HelloWorldLayer.m in Sources */,
				5DEC5BE91721389E0068237A /* IntroLayer.m in Sources */,
			);
			runOnlyForDeploymentPostprocessing = 0;
		};
/* End PBXSourcesBuildPhase section */

/* Begin XCBuildConfiguration section */
		5DEC5BEA1721389E0068237A /* Debug */ = {
			isa = XCBuildConfiguration;
			buildSettings = {
				ARCHS = "$(ARCHS_STANDARD_32_BIT)";
				"CODE_SIGN_IDENTITY[sdk=iphoneos*]" = "iPhone Developer";
				GCC_C_LANGUAGE_STANDARD = gnu99;
				GCC_OPTIMIZATION_LEVEL = 0;
				GCC_PREPROCESSOR_DEFINITIONS = (
					DEBUG,
					"BEE_DEBUG=1",
				);
				GCC_SYMBOLS_PRIVATE_EXTERN = NO;
				GCC_VERSION = com.apple.compilers.llvm.clang.1_0;
				GCC_WARN_ABOUT_RETURN_TYPE = YES;
				GCC_WARN_UNUSED_VARIABLE = YES;
				IPHONEOS_DEPLOYMENT_TARGET = 5.0;
				SDKROOT = iphoneos;
				TARGETED_DEVICE_FAMILY = "1,2";
			};
			name = Debug;
		};
		5DEC5BEB1721389E0068237A /* Release */ = {
			isa = XCBuildConfiguration;
			buildSettings = {
				ARCHS = "$(ARCHS_STANDARD_32_BIT)";
				"CODE_SIGN_IDENTITY[sdk=iphoneos*]" = "iPhone Developer";
				GCC_C_LANGUAGE_STANDARD = gnu99;
				GCC_PREPROCESSOR_DEFINITIONS = (
					NDEBUG,
					"NS_BLOCK_ASSERTIONS=1",
				);
				GCC_VERSION = com.apple.compilers.llvm.clang.1_0;
				GCC_WARN_ABOUT_RETURN_TYPE = YES;
				GCC_WARN_UNUSED_VARIABLE = YES;
				IPHONEOS_DEPLOYMENT_TARGET = 5.0;
				SDKROOT = iphoneos;
				TARGETED_DEVICE_FAMILY = "1,2";
			};
			name = Release;
		};
		5DEC5BED1721389E0068237A /* Debug */ = {
			isa = XCBuildConfiguration;
			buildSettings = {
				ALWAYS_SEARCH_USER_PATHS = NO;
				COPY_PHASE_STRIP = NO;
				FRAMEWORK_SEARCH_PATHS = /usr/lib/libxml2.dylib;
				GCC_DYNAMIC_NO_PIC = NO;
				GCC_PRECOMPILE_PREFIX_HEADER = YES;
				GCC_PREFIX_HEADER = dsfsdss/Prefix.pch;
				INFOPLIST_FILE = dsfsdss/Resources/Info.plist;
				OTHER_LDFLAGS = (
					"-lz",
					"-ObjC",
					"-lxml2",
					"-lsqlite3",
					"-llibz",
				);
				PRODUCT_NAME = "$(TARGET_NAME)";
				USER_HEADER_SEARCH_PATHS = "$(SDKROOT)/usr/include/libxml2";
				WRAPPER_EXTENSION = app;
			};
			name = Debug;
		};
		5DEC5BEE1721389E0068237A /* Release */ = {
			isa = XCBuildConfiguration;
			buildSettings = {
				ALWAYS_SEARCH_USER_PATHS = NO;
				COPY_PHASE_STRIP = YES;
				FRAMEWORK_SEARCH_PATHS = /usr/lib/libxml2.dylib;
				GCC_PRECOMPILE_PREFIX_HEADER = YES;
				GCC_PREFIX_HEADER = dsfsdss/Prefix.pch;
				INFOPLIST_FILE = dsfsdss/Resources/Info.plist;
				OTHER_LDFLAGS = (
					"-lz",
					"-ObjC",
					"-lxml2",
					"-lsqlite3",
					"-llibz",
				);
				PRODUCT_NAME = "$(TARGET_NAME)";
				USER_HEADER_SEARCH_PATHS = "$(SDKROOT)/usr/include/libxml2";
				VALIDATE_PRODUCT = YES;
				WRAPPER_EXTENSION = app;
			};
			name = Release;
		};
/* End XCBuildConfiguration section */

/* Begin XCConfigurationList section */
		5DEC5BB01721389D0068237A /* Build configuration list for PBXProject "dsfsdss" */ = {
			isa = XCConfigurationList;
			buildConfigurations = (
				5DEC5BEA1721389E0068237A /* Debug */,
				5DEC5BEB1721389E0068237A /* Release */,
			);
			defaultConfigurationIsVisible = 0;
			defaultConfigurationName = Release;
		};
		5DEC5BEC1721389E0068237A /* Build configuration list for PBXNativeTarget "dsfsdss" */ = {
			isa = XCConfigurationList;
			buildConfigurations = (
				5DEC5BED1721389E0068237A /* Debug */,
				5DEC5BEE1721389E0068237A /* Release */,
			);
			defaultConfigurationIsVisible = 0;
		};
/* End XCConfigurationList section */
	};
	rootObject = 5DEC5BAD1721389D0068237A /* Project object */;
}
