// !$*UTF8*$!
{
	archiveVersion = 1;
	classes = {
	};
	objectVersion = 46;
	objects = {

/* Begin PBXBuildFile section */
		5DEC5B76172137D00068237A /* QuartzCore.framework in Frameworks */ = {isa = PBXBuildFile; fileRef = 5DEC5B75172137D00068237A /* QuartzCore.framework */; };
		5DEC5B78172137D10068237A /* Security.framework in Frameworks */ = {isa = PBXBuildFile; fileRef = 5DEC5B77172137D00068237A /* Security.framework */; };
		5DEC5B7A172137D10068237A /* SystemConfiguration.framework in Frameworks */ = {isa = PBXBuildFile; fileRef = 5DEC5B79172137D10068237A /* SystemConfiguration.framework */; };
		5DEC5B7C172137D10068237A /* AVFoundation.framework in Frameworks */ = {isa = PBXBuildFile; fileRef = 5DEC5B7B172137D10068237A /* AVFoundation.framework */; };
		5DEC5B7E172137D10068237A /* UIKit.framework in Frameworks */ = {isa = PBXBuildFile; fileRef = 5DEC5B7D172137D10068237A /* UIKit.framework */; };
		5DEC5B80172137D10068237A /* Foundation.framework in Frameworks */ = {isa = PBXBuildFile; fileRef = 5DEC5B7F172137D10068237A /* Foundation.framework */; };
		5DEC5B82172137D10068237A /* CoreGraphics.framework in Frameworks */ = {isa = PBXBuildFile; fileRef = 5DEC5B81172137D10068237A /* CoreGraphics.framework */; };
		5DEC5B84172137D10068237A /* MobileCoreServices.framework in Frameworks */ = {isa = PBXBuildFile; fileRef = 5DEC5B83172137D10068237A /* MobileCoreServices.framework */; };
		5DEC5B86172137D10068237A /* CoreVideo.framework in Frameworks */ = {isa = PBXBuildFile; fileRef = 5DEC5B85172137D10068237A /* CoreVideo.framework */; };
		5DEC5B88172137D10068237A /* CoreMedia.framework in Frameworks */ = {isa = PBXBuildFile; fileRef = 5DEC5B87172137D10068237A /* CoreMedia.framework */; };
		5DEC5B8A172137D10068237A /* CFNetwork.framework in Frameworks */ = {isa = PBXBuildFile; fileRef = 5DEC5B89172137D10068237A /* CFNetwork.framework */; };
		5DEC5B8E172137D10068237A /* Default.png in Resources */ = {isa = PBXBuildFile; fileRef = 5DEC5B8D172137D10068237A /* Default.png */; };
		5DEC5B90172137D10068237A /* Default@2x.png in Resources */ = {isa = PBXBuildFile; fileRef = 5DEC5B8F172137D10068237A /* Default@2x.png */; };
		5DEC5B92172137D10068237A /* Default-568h@2x.png in Resources */ = {isa = PBXBuildFile; fileRef = 5DEC5B91172137D10068237A /* Default-568h@2x.png */; };
		5DEC5B94172137D10068237A /* icon.png in Resources */ = {isa = PBXBuildFile; fileRef = 5DEC5B93172137D10068237A /* icon.png */; };
		5DEC5B96172137D10068237A /* icon@2x.png in Resources */ = {isa = PBXBuildFile; fileRef = 5DEC5B95172137D10068237A /* icon@2x.png */; };
		5DEC5B99172137D10068237A /* iTunesArtwork in Resources */ = {isa = PBXBuildFile; fileRef = 5DEC5B98172137D10068237A /* iTunesArtwork */; };
		5DEC5B9D172137D10068237A /* main.m in Sources */ = {isa = PBXBuildFile; fileRef = 5DEC5B9C172137D10068237A /* main.m */; };
		5DEC5BA0172137D10068237A /* AppDelegate.m in Sources */ = {isa = PBXBuildFile; fileRef = 5DEC5B9F172137D10068237A /* AppDelegate.m */; };
		5DEC5BA3172137D10068237A /* HelloWorldLayer.m in Sources */ = {isa = PBXBuildFile; fileRef = 5DEC5BA2172137D10068237A /* HelloWorldLayer.m */; };
		5DEC5BA6172137D10068237A /* IntroLayer.m in Sources */ = {isa = PBXBuildFile; fileRef = 5DEC5BA5172137D10068237A /* IntroLayer.m */; };
/* End PBXBuildFile section */

/* Begin PBXFileReference section */
		5DEC5B72172137D00068237A /* sdfssssss.app */ = {isa = PBXFileReference; explicitFileType = wrapper.application; includeInIndex = 0; path = sdfssssss.app; sourceTree = BUILT_PRODUCTS_DIR; };
		5DEC5B75172137D00068237A /* QuartzCore.framework */ = {isa = PBXFileReference; lastKnownFileType = wrapper.framework; name = QuartzCore.framework; path = System/Library/Frameworks/QuartzCore.framework; sourceTree = SDKROOT; };
		5DEC5B77172137D00068237A /* Security.framework */ = {isa = PBXFileReference; lastKnownFileType = wrapper.framework; name = Security.framework; path = System/Library/Frameworks/Security.framework; sourceTree = SDKROOT; };
		5DEC5B79172137D10068237A /* SystemConfiguration.framework */ = {isa = PBXFileReference; lastKnownFileType = wrapper.framework; name = SystemConfiguration.framework; path = System/Library/Frameworks/SystemConfiguration.framework; sourceTree = SDKROOT; };
		5DEC5B7B172137D10068237A /* AVFoundation.framework */ = {isa = PBXFileReference; lastKnownFileType = wrapper.framework; name = AVFoundation.framework; path = System/Library/Frameworks/AVFoundation.framework; sourceTree = SDKROOT; };
		5DEC5B7D172137D10068237A /* UIKit.framework */ = {isa = PBXFileReference; lastKnownFileType = wrapper.framework; name = UIKit.framework; path = System/Library/Frameworks/UIKit.framework; sourceTree = SDKROOT; };
		5DEC5B7F172137D10068237A /* Foundation.framework */ = {isa = PBXFileReference; lastKnownFileType = wrapper.framework; name = Foundation.framework; path = System/Library/Frameworks/Foundation.framework; sourceTree = SDKROOT; };
		5DEC5B81172137D10068237A /* CoreGraphics.framework */ = {isa = PBXFileReference; lastKnownFileType = wrapper.framework; name = CoreGraphics.framework; path = System/Library/Frameworks/CoreGraphics.framework; sourceTree = SDKROOT; };
		5DEC5B83172137D10068237A /* MobileCoreServices.framework */ = {isa = PBXFileReference; lastKnownFileType = wrapper.framework; name = MobileCoreServices.framework; path = System/Library/Frameworks/MobileCoreServices.framework; sourceTree = SDKROOT; };
		5DEC5B85172137D10068237A /* CoreVideo.framework */ = {isa = PBXFileReference; lastKnownFileType = wrapper.framework; name = CoreVideo.framework; path = System/Library/Frameworks/CoreVideo.framework; sourceTree = SDKROOT; };
		5DEC5B87172137D10068237A /* CoreMedia.framework */ = {isa = PBXFileReference; lastKnownFileType = wrapper.framework; name = CoreMedia.framework; path = System/Library/Frameworks/CoreMedia.framework; sourceTree = SDKROOT; };
		5DEC5B89172137D10068237A /* CFNetwork.framework */ = {isa = PBXFileReference; lastKnownFileType = wrapper.framework; name = CFNetwork.framework; path = System/Library/Frameworks/CFNetwork.framework; sourceTree = SDKROOT; };
		5DEC5B8D172137D10068237A /* Default.png */ = {isa = PBXFileReference; lastKnownFileType = image.png; name = Default.png; path = Resources/Default.png; sourceTree = "<group>"; };
		5DEC5B8F172137D10068237A /* Default@2x.png */ = {isa = PBXFileReference; lastKnownFileType = image.png; name = "Default@2x.png"; path = "Resources/Default@2x.png"; sourceTree = "<group>"; };
		5DEC5B91172137D10068237A /* Default-568h@2x.png */ = {isa = PBXFileReference; lastKnownFileType = image.png; name = "Default-568h@2x.png"; path = "Resources/Default-568h@2x.png"; sourceTree = "<group>"; };
		5DEC5B93172137D10068237A /* icon.png */ = {isa = PBXFileReference; lastKnownFileType = image.png; name = icon.png; path = Resources/icon.png; sourceTree = "<group>"; };
		5DEC5B95172137D10068237A /* icon@2x.png */ = {isa = PBXFileReference; lastKnownFileType = image.png; name = "icon@2x.png"; path = "Resources/icon@2x.png"; sourceTree = "<group>"; };
		5DEC5B97172137D10068237A /* Info.plist */ = {isa = PBXFileReference; lastKnownFileType = text.plist.xml; name = Info.plist; path = Resources/Info.plist; sourceTree = "<group>"; };
		5DEC5B98172137D10068237A /* iTunesArtwork */ = {isa = PBXFileReference; lastKnownFileType = file; name = iTunesArtwork; path = Resources/iTunesArtwork; sourceTree = "<group>"; };
		5DEC5B9B172137D10068237A /* Prefix.pch */ = {isa = PBXFileReference; lastKnownFileType = sourcecode.c.h; path = Prefix.pch; sourceTree = "<group>"; };
		5DEC5B9C172137D10068237A /* main.m */ = {isa = PBXFileReference; lastKnownFileType = sourcecode.c.objc; path = main.m; sourceTree = "<group>"; };
		5DEC5B9E172137D10068237A /* AppDelegate.h */ = {isa = PBXFileReference; lastKnownFileType = sourcecode.c.h; path = AppDelegate.h; sourceTree = "<group>"; };
		5DEC5B9F172137D10068237A /* AppDelegate.m */ = {isa = PBXFileReference; lastKnownFileType = sourcecode.c.objc; path = AppDelegate.m; sourceTree = "<group>"; };
		5DEC5BA1172137D10068237A /* HelloWorldLayer.h */ = {isa = PBXFileReference; lastKnownFileType = sourcecode.c.h; path = HelloWorldLayer.h; sourceTree = "<group>"; };
		5DEC5BA2172137D10068237A /* HelloWorldLayer.m */ = {isa = PBXFileReference; lastKnownFileType = sourcecode.c.objc; path = HelloWorldLayer.m; sourceTree = "<group>"; };
		5DEC5BA4172137D10068237A /* IntroLayer.h */ = {isa = PBXFileReference; lastKnownFileType = sourcecode.c.h; path = IntroLayer.h; sourceTree = "<group>"; };
		5DEC5BA5172137D10068237A /* IntroLayer.m */ = {isa = PBXFileReference; lastKnownFileType = sourcecode.c.objc; path = IntroLayer.m; sourceTree = "<group>"; };
/* End PBXFileReference section */

/* Begin PBXFrameworksBuildPhase section */
		5DEC5B6F172137D00068237A /* Frameworks */ = {
			isa = PBXFrameworksBuildPhase;
			buildActionMask = 2147483647;
			files = (
				5DEC5B76172137D00068237A /* QuartzCore.framework in Frameworks */,
				5DEC5B78172137D10068237A /* Security.framework in Frameworks */,
				5DEC5B7A172137D10068237A /* SystemConfiguration.framework in Frameworks */,
				5DEC5B7C172137D10068237A /* AVFoundation.framework in Frameworks */,
				5DEC5B7E172137D10068237A /* UIKit.framework in Frameworks */,
				5DEC5B80172137D10068237A /* Foundation.framework in Frameworks */,
				5DEC5B82172137D10068237A /* CoreGraphics.framework in Frameworks */,
				5DEC5B84172137D10068237A /* MobileCoreServices.framework in Frameworks */,
				5DEC5B86172137D10068237A /* CoreVideo.framework in Frameworks */,
				5DEC5B88172137D10068237A /* CoreMedia.framework in Frameworks */,
				5DEC5B8A172137D10068237A /* CFNetwork.framework in Frameworks */,
			);
			runOnlyForDeploymentPostprocessing = 0;
		};
/* End PBXFrameworksBuildPhase section */

/* Begin PBXGroup section */
		5DEC5B69172137D00068237A = {
			isa = PBXGroup;
			children = (
				5DEC5B8B172137D10068237A /* sdfssssss */,
				5DEC5B74172137D00068237A /* Frameworks */,
				5DEC5B73172137D00068237A /* Products */,
			);
			sourceTree = "<group>";
		};
		5DEC5B73172137D00068237A /* Products */ = {
			isa = PBXGroup;
			children = (
				5DEC5B72172137D00068237A /* sdfssssss.app */,
			);
			name = Products;
			sourceTree = "<group>";
		};
		5DEC5B74172137D00068237A /* Frameworks */ = {
			isa = PBXGroup;
			children = (
				5DEC5B75172137D00068237A /* QuartzCore.framework */,
				5DEC5B77172137D00068237A /* Security.framework */,
				5DEC5B79172137D10068237A /* SystemConfiguration.framework */,
				5DEC5B7B172137D10068237A /* AVFoundation.framework */,
				5DEC5B7D172137D10068237A /* UIKit.framework */,
				5DEC5B7F172137D10068237A /* Foundation.framework */,
				5DEC5B81172137D10068237A /* CoreGraphics.framework */,
				5DEC5B83172137D10068237A /* MobileCoreServices.framework */,
				5DEC5B85172137D10068237A /* CoreVideo.framework */,
				5DEC5B87172137D10068237A /* CoreMedia.framework */,
				5DEC5B89172137D10068237A /* CFNetwork.framework */,
			);
			name = Frameworks;
			sourceTree = "<group>";
		};
		5DEC5B8B172137D10068237A /* sdfssssss */ = {
			isa = PBXGroup;
			children = (
				5DEC5B93172137D10068237A /* icon.png */,
				5DEC5B95172137D10068237A /* icon@2x.png */,
				5DEC5B9E172137D10068237A /* AppDelegate.h */,
				5DEC5B9F172137D10068237A /* AppDelegate.m */,
				5DEC5BA1172137D10068237A /* HelloWorldLayer.h */,
				5DEC5BA2172137D10068237A /* HelloWorldLayer.m */,
				5DEC5BA4172137D10068237A /* IntroLayer.h */,
				5DEC5BA5172137D10068237A /* IntroLayer.m */,
				5DEC5B8C172137D10068237A /* Resources */,
				5DEC5B9A172137D10068237A /* Supporting Files */,
			);
			path = sdfssssss;
			sourceTree = "<group>";
		};
		5DEC5B8C172137D10068237A /* Resources */ = {
			isa = PBXGroup;
			children = (
				5DEC5B8D172137D10068237A /* Default.png */,
				5DEC5B8F172137D10068237A /* Default@2x.png */,
				5DEC5B91172137D10068237A /* Default-568h@2x.png */,
				5DEC5B97172137D10068237A /* Info.plist */,
				5DEC5B98172137D10068237A /* iTunesArtwork */,
			);
			name = Resources;
			sourceTree = "<group>";
		};
		5DEC5B9A172137D10068237A /* Supporting Files */ = {
			isa = PBXGroup;
			children = (
				5DEC5B9B172137D10068237A /* Prefix.pch */,
				5DEC5B9C172137D10068237A /* main.m */,
			);
			name = "Supporting Files";
			sourceTree = "<group>";
		};
/* End PBXGroup section */

/* Begin PBXNativeTarget section */
		5DEC5B71172137D00068237A /* sdfssssss */ = {
			isa = PBXNativeTarget;
			buildConfigurationList = 5DEC5BA9172137D10068237A /* Build configuration list for PBXNativeTarget "sdfssssss" */;
			buildPhases = (
				5DEC5B6E172137D00068237A /* Sources */,
				5DEC5B6F172137D00068237A /* Frameworks */,
				5DEC5B70172137D00068237A /* Resources */,
			);
			buildRules = (
			);
			dependencies = (
			);
			name = sdfssssss;
			productName = sdfssssss;
			productReference = 5DEC5B72172137D00068237A /* sdfssssss.app */;
			productType = "com.apple.product-type.application";
		};
/* End PBXNativeTarget section */

/* Begin PBXProject section */
		5DEC5B6A172137D00068237A /* Project object */ = {
			isa = PBXProject;
			attributes = {
				LastUpgradeCheck = 0460;
			};
			buildConfigurationList = 5DEC5B6D172137D00068237A /* Build configuration list for PBXProject "sdfssssss" */;
			compatibilityVersion = "Xcode 3.2";
			developmentRegion = English;
			hasScannedForEncodings = 0;
			knownRegions = (
				en,
			);
			mainGroup = 5DEC5B69172137D00068237A;
			productRefGroup = 5DEC5B73172137D00068237A /* Products */;
			projectDirPath = "";
			projectRoot = "";
			targets = (
				5DEC5B71172137D00068237A /* sdfssssss */,
			);
		};
/* End PBXProject section */

/* Begin PBXResourcesBuildPhase section */
		5DEC5B70172137D00068237A /* Resources */ = {
			isa = PBXResourcesBuildPhase;
			buildActionMask = 2147483647;
			files = (
				5DEC5B8E172137D10068237A /* Default.png in Resources */,
				5DEC5B90172137D10068237A /* Default@2x.png in Resources */,
				5DEC5B92172137D10068237A /* Default-568h@2x.png in Resources */,
				5DEC5B94172137D10068237A /* icon.png in Resources */,
				5DEC5B96172137D10068237A /* icon@2x.png in Resources */,
				5DEC5B99172137D10068237A /* iTunesArtwork in Resources */,
			);
			runOnlyForDeploymentPostprocessing = 0;
		};
/* End PBXResourcesBuildPhase section */

/* Begin PBXSourcesBuildPhase section */
		5DEC5B6E172137D00068237A /* Sources */ = {
			isa = PBXSourcesBuildPhase;
			buildActionMask = 2147483647;
			files = (
				5DEC5B9D172137D10068237A /* main.m in Sources */,
				5DEC5BA0172137D10068237A /* AppDelegate.m in Sources */,
				5DEC5BA3172137D10068237A /* HelloWorldLayer.m in Sources */,
				5DEC5BA6172137D10068237A /* IntroLayer.m in Sources */,
			);
			runOnlyForDeploymentPostprocessing = 0;
		};
/* End PBXSourcesBuildPhase section */

/* Begin XCBuildConfiguration section */
		5DEC5BA7172137D10068237A /* Debug */ = {
			isa = XCBuildConfiguration;
			buildSettings = {
				ARCHS = "$(ARCHS_STANDARD_32_BIT)";
				"CODE_SIGN_IDENTITY[sdk=iphoneos*]" = "iPhone Developer";
				GCC_C_LANGUAGE_STANDARD = gnu99;
				GCC_OPTIMIZATION_LEVEL = 0;
				GCC_PREPROCESSOR_DEFINITIONS = (
					DEBUG,
					"BEE_DEBUG=1",
				);
				GCC_SYMBOLS_PRIVATE_EXTERN = NO;
				GCC_VERSION = com.apple.compilers.llvm.clang.1_0;
				GCC_WARN_ABOUT_RETURN_TYPE = YES;
				GCC_WARN_UNUSED_VARIABLE = YES;
				IPHONEOS_DEPLOYMENT_TARGET = 5.0;
				SDKROOT = iphoneos;
				TARGETED_DEVICE_FAMILY = "1,2";
			};
			name = Debug;
		};
		5DEC5BA8172137D10068237A /* Release */ = {
			isa = XCBuildConfiguration;
			buildSettings = {
				ARCHS = "$(ARCHS_STANDARD_32_BIT)";
				"CODE_SIGN_IDENTITY[sdk=iphoneos*]" = "iPhone Developer";
				GCC_C_LANGUAGE_STANDARD = gnu99;
				GCC_PREPROCESSOR_DEFINITIONS = (
					NDEBUG,
					"NS_BLOCK_ASSERTIONS=1",
				);
				GCC_VERSION = com.apple.compilers.llvm.clang.1_0;
				GCC_WARN_ABOUT_RETURN_TYPE = YES;
				GCC_WARN_UNUSED_VARIABLE = YES;
				IPHONEOS_DEPLOYMENT_TARGET = 5.0;
				SDKROOT = iphoneos;
				TARGETED_DEVICE_FAMILY = "1,2";
			};
			name = Release;
		};
		5DEC5BAA172137D10068237A /* Debug */ = {
			isa = XCBuildConfiguration;
			buildSettings = {
				ALWAYS_SEARCH_USER_PATHS = NO;
				COPY_PHASE_STRIP = NO;
				FRAMEWORK_SEARCH_PATHS = /usr/lib/libxml2.dylib;
				GCC_DYNAMIC_NO_PIC = NO;
				GCC_PRECOMPILE_PREFIX_HEADER = YES;
				GCC_PREFIX_HEADER = sdfssssss/Prefix.pch;
				INFOPLIST_FILE = sdfssssss/Resources/Info.plist;
				OTHER_LDFLAGS = (
					"-lz",
					"-ObjC",
					"-lxml2",
					"-lsqlite3",
					"-llibz",
				);
				PRODUCT_NAME = "$(TARGET_NAME)";
				USER_HEADER_SEARCH_PATHS = "$(SDKROOT)/usr/include/libxml2";
				WRAPPER_EXTENSION = app;
			};
			name = Debug;
		};
		5DEC5BAB172137D10068237A /* Release */ = {
			isa = XCBuildConfiguration;
			buildSettings = {
				ALWAYS_SEARCH_USER_PATHS = NO;
				COPY_PHASE_STRIP = YES;
				FRAMEWORK_SEARCH_PATHS = /usr/lib/libxml2.dylib;
				GCC_PRECOMPILE_PREFIX_HEADER = YES;
				GCC_PREFIX_HEADER = sdfssssss/Prefix.pch;
				INFOPLIST_FILE = sdfssssss/Resources/Info.plist;
				OTHER_LDFLAGS = (
					"-lz",
					"-ObjC",
					"-lxml2",
					"-lsqlite3",
					"-llibz",
				);
				PRODUCT_NAME = "$(TARGET_NAME)";
				USER_HEADER_SEARCH_PATHS = "$(SDKROOT)/usr/include/libxml2";
				VALIDATE_PRODUCT = YES;
				WRAPPER_EXTENSION = app;
			};
			name = Release;
		};
/* End XCBuildConfiguration section */

/* Begin XCConfigurationList section */
		5DEC5B6D172137D00068237A /* Build configuration list for PBXProject "sdfssssss" */ = {
			isa = XCConfigurationList;
			buildConfigurations = (
				5DEC5BA7172137D10068237A /* Debug */,
				5DEC5BA8172137D10068237A /* Release */,
			);
			defaultConfigurationIsVisible = 0;
			defaultConfigurationName = Release;
		};
		5DEC5BA9172137D10068237A /* Build configuration list for PBXNativeTarget "sdfssssss" */ = {
			isa = XCConfigurationList;
			buildConfigurations = (
				5DEC5BAA172137D10068237A /* Debug */,
				5DEC5BAB172137D10068237A /* Release */,
			);
			defaultConfigurationIsVisible = 0;
		};
/* End XCConfigurationList section */
	};
	rootObject = 5DEC5B6A172137D00068237A /* Project object */;
}
