// !$*UTF8*$!
{
	archiveVersion = 1;
	classes = {
	};
	objectVersion = 46;
	objects = {

/* Begin PBXBuildFile section */
		5DEC5D59172152110068237A /* QuartzCore.framework in Frameworks */ = {isa = PBXBuildFile; fileRef = 5DEC5D58172152110068237A /* QuartzCore.framework */; };
		5DEC5D5B172152110068237A /* Security.framework in Frameworks */ = {isa = PBXBuildFile; fileRef = 5DEC5D5A172152110068237A /* Security.framework */; };
		5DEC5D5D172152110068237A /* SystemConfiguration.framework in Frameworks */ = {isa = PBXBuildFile; fileRef = 5DEC5D5C172152110068237A /* SystemConfiguration.framework */; };
		5DEC5D5F172152110068237A /* AVFoundation.framework in Frameworks */ = {isa = PBXBuildFile; fileRef = 5DEC5D5E172152110068237A /* AVFoundation.framework */; };
		5DEC5D61172152110068237A /* UIKit.framework in Frameworks */ = {isa = PBXBuildFile; fileRef = 5DEC5D60172152110068237A /* UIKit.framework */; };
		5DEC5D63172152110068237A /* Foundation.framework in Frameworks */ = {isa = PBXBuildFile; fileRef = 5DEC5D62172152110068237A /* Foundation.framework */; };
		5DEC5D65172152110068237A /* CoreGraphics.framework in Frameworks */ = {isa = PBXBuildFile; fileRef = 5DEC5D64172152110068237A /* CoreGraphics.framework */; };
		5DEC5D67172152110068237A /* MobileCoreServices.framework in Frameworks */ = {isa = PBXBuildFile; fileRef = 5DEC5D66172152110068237A /* MobileCoreServices.framework */; };
		5DEC5D69172152110068237A /* CoreVideo.framework in Frameworks */ = {isa = PBXBuildFile; fileRef = 5DEC5D68172152110068237A /* CoreVideo.framework */; };
		5DEC5D6B172152110068237A /* CoreMedia.framework in Frameworks */ = {isa = PBXBuildFile; fileRef = 5DEC5D6A172152110068237A /* CoreMedia.framework */; };
		5DEC5D6D172152110068237A /* CFNetwork.framework in Frameworks */ = {isa = PBXBuildFile; fileRef = 5DEC5D6C172152110068237A /* CFNetwork.framework */; };
		5DEC5D71172152110068237A /* Default.png in Resources */ = {isa = PBXBuildFile; fileRef = 5DEC5D70172152110068237A /* Default.png */; };
		5DEC5D73172152110068237A /* Default@2x.png in Resources */ = {isa = PBXBuildFile; fileRef = 5DEC5D72172152110068237A /* Default@2x.png */; };
		5DEC5D75172152110068237A /* Default-568h@2x.png in Resources */ = {isa = PBXBuildFile; fileRef = 5DEC5D74172152110068237A /* Default-568h@2x.png */; };
		5DEC5D77172152110068237A /* icon.png in Resources */ = {isa = PBXBuildFile; fileRef = 5DEC5D76172152110068237A /* icon.png */; };
		5DEC5D79172152110068237A /* icon@2x.png in Resources */ = {isa = PBXBuildFile; fileRef = 5DEC5D78172152110068237A /* icon@2x.png */; };
		5DEC5D7C172152110068237A /* iTunesArtwork in Resources */ = {isa = PBXBuildFile; fileRef = 5DEC5D7B172152110068237A /* iTunesArtwork */; };
		5DEC5D80172152110068237A /* main.m in Sources */ = {isa = PBXBuildFile; fileRef = 5DEC5D7F172152110068237A /* main.m */; };
		5DEC5D83172152110068237A /* AppDelegate.m in Sources */ = {isa = PBXBuildFile; fileRef = 5DEC5D82172152110068237A /* AppDelegate.m */; };
		5DEC5D86172152110068237A /* HelloWorldLayer.m in Sources */ = {isa = PBXBuildFile; fileRef = 5DEC5D85172152110068237A /* HelloWorldLayer.m */; };
		5DEC5D89172152110068237A /* IntroLayer.m in Sources */ = {isa = PBXBuildFile; fileRef = 5DEC5D88172152110068237A /* IntroLayer.m */; };
/* End PBXBuildFile section */

/* Begin PBXFileReference section */
		5DEC5D55172152110068237A /* weewewewe.app */ = {isa = PBXFileReference; explicitFileType = wrapper.application; includeInIndex = 0; path = weewewewe.app; sourceTree = BUILT_PRODUCTS_DIR; };
		5DEC5D58172152110068237A /* QuartzCore.framework */ = {isa = PBXFileReference; lastKnownFileType = wrapper.framework; name = QuartzCore.framework; path = System/Library/Frameworks/QuartzCore.framework; sourceTree = SDKROOT; };
		5DEC5D5A172152110068237A /* Security.framework */ = {isa = PBXFileReference; lastKnownFileType = wrapper.framework; name = Security.framework; path = System/Library/Frameworks/Security.framework; sourceTree = SDKROOT; };
		5DEC5D5C172152110068237A /* SystemConfiguration.framework */ = {isa = PBXFileReference; lastKnownFileType = wrapper.framework; name = SystemConfiguration.framework; path = System/Library/Frameworks/SystemConfiguration.framework; sourceTree = SDKROOT; };
		5DEC5D5E172152110068237A /* AVFoundation.framework */ = {isa = PBXFileReference; lastKnownFileType = wrapper.framework; name = AVFoundation.framework; path = System/Library/Frameworks/AVFoundation.framework; sourceTree = SDKROOT; };
		5DEC5D60172152110068237A /* UIKit.framework */ = {isa = PBXFileReference; lastKnownFileType = wrapper.framework; name = UIKit.framework; path = System/Library/Frameworks/UIKit.framework; sourceTree = SDKROOT; };
		5DEC5D62172152110068237A /* Foundation.framework */ = {isa = PBXFileReference; lastKnownFileType = wrapper.framework; name = Foundation.framework; path = System/Library/Frameworks/Foundation.framework; sourceTree = SDKROOT; };
		5DEC5D64172152110068237A /* CoreGraphics.framework */ = {isa = PBXFileReference; lastKnownFileType = wrapper.framework; name = CoreGraphics.framework; path = System/Library/Frameworks/CoreGraphics.framework; sourceTree = SDKROOT; };
		5DEC5D66172152110068237A /* MobileCoreServices.framework */ = {isa = PBXFileReference; lastKnownFileType = wrapper.framework; name = MobileCoreServices.framework; path = System/Library/Frameworks/MobileCoreServices.framework; sourceTree = SDKROOT; };
		5DEC5D68172152110068237A /* CoreVideo.framework */ = {isa = PBXFileReference; lastKnownFileType = wrapper.framework; name = CoreVideo.framework; path = System/Library/Frameworks/CoreVideo.framework; sourceTree = SDKROOT; };
		5DEC5D6A172152110068237A /* CoreMedia.framework */ = {isa = PBXFileReference; lastKnownFileType = wrapper.framework; name = CoreMedia.framework; path = System/Library/Frameworks/CoreMedia.framework; sourceTree = SDKROOT; };
		5DEC5D6C172152110068237A /* CFNetwork.framework */ = {isa = PBXFileReference; lastKnownFileType = wrapper.framework; name = CFNetwork.framework; path = System/Library/Frameworks/CFNetwork.framework; sourceTree = SDKROOT; };
		5DEC5D70172152110068237A /* Default.png */ = {isa = PBXFileReference; lastKnownFileType = image.png; name = Default.png; path = Resources/Default.png; sourceTree = "<group>"; };
		5DEC5D72172152110068237A /* Default@2x.png */ = {isa = PBXFileReference; lastKnownFileType = image.png; name = "Default@2x.png"; path = "Resources/Default@2x.png"; sourceTree = "<group>"; };
		5DEC5D74172152110068237A /* Default-568h@2x.png */ = {isa = PBXFileReference; lastKnownFileType = image.png; name = "Default-568h@2x.png"; path = "Resources/Default-568h@2x.png"; sourceTree = "<group>"; };
		5DEC5D76172152110068237A /* icon.png */ = {isa = PBXFileReference; lastKnownFileType = image.png; name = icon.png; path = Resources/icon.png; sourceTree = "<group>"; };
		5DEC5D78172152110068237A /* icon@2x.png */ = {isa = PBXFileReference; lastKnownFileType = image.png; name = "icon@2x.png"; path = "Resources/icon@2x.png"; sourceTree = "<group>"; };
		5DEC5D7A172152110068237A /* Info.plist */ = {isa = PBXFileReference; lastKnownFileType = text.plist.xml; name = Info.plist; path = Resources/Info.plist; sourceTree = "<group>"; };
		5DEC5D7B172152110068237A /* iTunesArtwork */ = {isa = PBXFileReference; lastKnownFileType = file; name = iTunesArtwork; path = Resources/iTunesArtwork; sourceTree = "<group>"; };
		5DEC5D7E172152110068237A /* Prefix.pch */ = {isa = PBXFileReference; lastKnownFileType = sourcecode.c.h; path = Prefix.pch; sourceTree = "<group>"; };
		5DEC5D7F172152110068237A /* main.m */ = {isa = PBXFileReference; lastKnownFileType = sourcecode.c.objc; path = main.m; sourceTree = "<group>"; };
		5DEC5D81172152110068237A /* AppDelegate.h */ = {isa = PBXFileReference; lastKnownFileType = sourcecode.c.h; path = AppDelegate.h; sourceTree = "<group>"; };
		5DEC5D82172152110068237A /* AppDelegate.m */ = {isa = PBXFileReference; lastKnownFileType = sourcecode.c.objc; path = AppDelegate.m; sourceTree = "<group>"; };
		5DEC5D84172152110068237A /* HelloWorldLayer.h */ = {isa = PBXFileReference; lastKnownFileType = sourcecode.c.h; path = HelloWorldLayer.h; sourceTree = "<group>"; };
		5DEC5D85172152110068237A /* HelloWorldLayer.m */ = {isa = PBXFileReference; lastKnownFileType = sourcecode.c.objc; path = HelloWorldLayer.m; sourceTree = "<group>"; };
		5DEC5D87172152110068237A /* IntroLayer.h */ = {isa = PBXFileReference; lastKnownFileType = sourcecode.c.h; path = IntroLayer.h; sourceTree = "<group>"; };
		5DEC5D88172152110068237A /* IntroLayer.m */ = {isa = PBXFileReference; lastKnownFileType = sourcecode.c.objc; path = IntroLayer.m; sourceTree = "<group>"; };
/* End PBXFileReference section */

/* Begin PBXFrameworksBuildPhase section */
		5DEC5D52172152110068237A /* Frameworks */ = {
			isa = PBXFrameworksBuildPhase;
			buildActionMask = 2147483647;
			files = (
				5DEC5D59172152110068237A /* QuartzCore.framework in Frameworks */,
				5DEC5D5B172152110068237A /* Security.framework in Frameworks */,
				5DEC5D5D172152110068237A /* SystemConfiguration.framework in Frameworks */,
				5DEC5D5F172152110068237A /* AVFoundation.framework in Frameworks */,
				5DEC5D61172152110068237A /* UIKit.framework in Frameworks */,
				5DEC5D63172152110068237A /* Foundation.framework in Frameworks */,
				5DEC5D65172152110068237A /* CoreGraphics.framework in Frameworks */,
				5DEC5D67172152110068237A /* MobileCoreServices.framework in Frameworks */,
				5DEC5D69172152110068237A /* CoreVideo.framework in Frameworks */,
				5DEC5D6B172152110068237A /* CoreMedia.framework in Frameworks */,
				5DEC5D6D172152110068237A /* CFNetwork.framework in Frameworks */,
			);
			runOnlyForDeploymentPostprocessing = 0;
		};
/* End PBXFrameworksBuildPhase section */

/* Begin PBXGroup section */
		5DEC5D4C172152110068237A = {
			isa = PBXGroup;
			children = (
				5DEC5D6E172152110068237A /* weewewewe */,
				5DEC5D57172152110068237A /* Frameworks */,
				5DEC5D56172152110068237A /* Products */,
			);
			sourceTree = "<group>";
		};
		5DEC5D56172152110068237A /* Products */ = {
			isa = PBXGroup;
			children = (
				5DEC5D55172152110068237A /* weewewewe.app */,
			);
			name = Products;
			sourceTree = "<group>";
		};
		5DEC5D57172152110068237A /* Frameworks */ = {
			isa = PBXGroup;
			children = (
				5DEC5D58172152110068237A /* QuartzCore.framework */,
				5DEC5D5A172152110068237A /* Security.framework */,
				5DEC5D5C172152110068237A /* SystemConfiguration.framework */,
				5DEC5D5E172152110068237A /* AVFoundation.framework */,
				5DEC5D60172152110068237A /* UIKit.framework */,
				5DEC5D62172152110068237A /* Foundation.framework */,
				5DEC5D64172152110068237A /* CoreGraphics.framework */,
				5DEC5D66172152110068237A /* MobileCoreServices.framework */,
				5DEC5D68172152110068237A /* CoreVideo.framework */,
				5DEC5D6A172152110068237A /* CoreMedia.framework */,
				5DEC5D6C172152110068237A /* CFNetwork.framework */,
			);
			name = Frameworks;
			sourceTree = "<group>";
		};
		5DEC5D6E172152110068237A /* weewewewe */ = {
			isa = PBXGroup;
			children = (
				5DEC5D76172152110068237A /* icon.png */,
				5DEC5D78172152110068237A /* icon@2x.png */,
				5DEC5D81172152110068237A /* AppDelegate.h */,
				5DEC5D82172152110068237A /* AppDelegate.m */,
				5DEC5D84172152110068237A /* HelloWorldLayer.h */,
				5DEC5D85172152110068237A /* HelloWorldLayer.m */,
				5DEC5D87172152110068237A /* IntroLayer.h */,
				5DEC5D88172152110068237A /* IntroLayer.m */,
				5DEC5D6F172152110068237A /* Resources */,
				5DEC5D7D172152110068237A /* Supporting Files */,
			);
			path = weewewewe;
			sourceTree = "<group>";
		};
		5DEC5D6F172152110068237A /* Resources */ = {
			isa = PBXGroup;
			children = (
				5DEC5D70172152110068237A /* Default.png */,
				5DEC5D72172152110068237A /* Default@2x.png */,
				5DEC5D74172152110068237A /* Default-568h@2x.png */,
				5DEC5D7A172152110068237A /* Info.plist */,
				5DEC5D7B172152110068237A /* iTunesArtwork */,
			);
			name = Resources;
			sourceTree = "<group>";
		};
		5DEC5D7D172152110068237A /* Supporting Files */ = {
			isa = PBXGroup;
			children = (
				5DEC5D7E172152110068237A /* Prefix.pch */,
				5DEC5D7F172152110068237A /* main.m */,
			);
			name = "Supporting Files";
			sourceTree = "<group>";
		};
/* End PBXGroup section */

/* Begin PBXNativeTarget section */
		5DEC5D54172152110068237A /* weewewewe */ = {
			isa = PBXNativeTarget;
			buildConfigurationList = 5DEC5D8C172152110068237A /* Build configuration list for PBXNativeTarget "weewewewe" */;
			buildPhases = (
				5DEC5D51172152110068237A /* Sources */,
				5DEC5D52172152110068237A /* Frameworks */,
				5DEC5D53172152110068237A /* Resources */,
			);
			buildRules = (
			);
			dependencies = (
			);
			name = weewewewe;
			productName = weewewewe;
			productReference = 5DEC5D55172152110068237A /* weewewewe.app */;
			productType = "com.apple.product-type.application";
		};
/* End PBXNativeTarget section */

/* Begin PBXProject section */
		5DEC5D4D172152110068237A /* Project object */ = {
			isa = PBXProject;
			attributes = {
				LastUpgradeCheck = 0460;
			};
			buildConfigurationList = 5DEC5D50172152110068237A /* Build configuration list for PBXProject "weewewewe" */;
			compatibilityVersion = "Xcode 3.2";
			developmentRegion = English;
			hasScannedForEncodings = 0;
			knownRegions = (
				en,
			);
			mainGroup = 5DEC5D4C172152110068237A;
			productRefGroup = 5DEC5D56172152110068237A /* Products */;
			projectDirPath = "";
			projectRoot = "";
			targets = (
				5DEC5D54172152110068237A /* weewewewe */,
			);
		};
/* End PBXProject section */

/* Begin PBXResourcesBuildPhase section */
		5DEC5D53172152110068237A /* Resources */ = {
			isa = PBXResourcesBuildPhase;
			buildActionMask = 2147483647;
			files = (
				5DEC5D71172152110068237A /* Default.png in Resources */,
				5DEC5D73172152110068237A /* Default@2x.png in Resources */,
				5DEC5D75172152110068237A /* Default-568h@2x.png in Resources */,
				5DEC5D77172152110068237A /* icon.png in Resources */,
				5DEC5D79172152110068237A /* icon@2x.png in Resources */,
				5DEC5D7C172152110068237A /* iTunesArtwork in Resources */,
			);
			runOnlyForDeploymentPostprocessing = 0;
		};
/* End PBXResourcesBuildPhase section */

/* Begin PBXSourcesBuildPhase section */
		5DEC5D51172152110068237A /* Sources */ = {
			isa = PBXSourcesBuildPhase;
			buildActionMask = 2147483647;
			files = (
				5DEC5D80172152110068237A /* main.m in Sources */,
				5DEC5D83172152110068237A /* AppDelegate.m in Sources */,
				5DEC5D86172152110068237A /* HelloWorldLayer.m in Sources */,
				5DEC5D89172152110068237A /* IntroLayer.m in Sources */,
			);
			runOnlyForDeploymentPostprocessing = 0;
		};
/* End PBXSourcesBuildPhase section */

/* Begin XCBuildConfiguration section */
		5DEC5D8A172152110068237A /* Debug */ = {
			isa = XCBuildConfiguration;
			buildSettings = {
				ARCHS = "$(ARCHS_STANDARD_32_BIT)";
				"CODE_SIGN_IDENTITY[sdk=iphoneos*]" = "iPhone Developer";
				GCC_C_LANGUAGE_STANDARD = gnu99;
				GCC_OPTIMIZATION_LEVEL = 0;
				GCC_PREPROCESSOR_DEFINITIONS = (
					DEBUG,
					"BEE_DEBUG=1",
				);
				GCC_SYMBOLS_PRIVATE_EXTERN = NO;
				GCC_VERSION = com.apple.compilers.llvm.clang.1_0;
				GCC_WARN_ABOUT_RETURN_TYPE = YES;
				GCC_WARN_UNUSED_VARIABLE = YES;
				IPHONEOS_DEPLOYMENT_TARGET = 5.0;
				SDKROOT = iphoneos;
				TARGETED_DEVICE_FAMILY = "1,2";
			};
			name = Debug;
		};
		5DEC5D8B172152110068237A /* Release */ = {
			isa = XCBuildConfiguration;
			buildSettings = {
				ARCHS = "$(ARCHS_STANDARD_32_BIT)";
				"CODE_SIGN_IDENTITY[sdk=iphoneos*]" = "iPhone Developer";
				GCC_C_LANGUAGE_STANDARD = gnu99;
				GCC_PREPROCESSOR_DEFINITIONS = (
					NDEBUG,
					"NS_BLOCK_ASSERTIONS=1",
				);
				GCC_VERSION = com.apple.compilers.llvm.clang.1_0;
				GCC_WARN_ABOUT_RETURN_TYPE = YES;
				GCC_WARN_UNUSED_VARIABLE = YES;
				IPHONEOS_DEPLOYMENT_TARGET = 5.0;
				SDKROOT = iphoneos;
				TARGETED_DEVICE_FAMILY = "1,2";
			};
			name = Release;
		};
		5DEC5D8D172152110068237A /* Debug */ = {
			isa = XCBuildConfiguration;
			buildSettings = {
				ALWAYS_SEARCH_USER_PATHS = NO;
				COPY_PHASE_STRIP = NO;
				FRAMEWORK_SEARCH_PATHS = /usr/lib/libxml2.dylib;
				GCC_DYNAMIC_NO_PIC = NO;
				GCC_PRECOMPILE_PREFIX_HEADER = YES;
				GCC_PREFIX_HEADER = weewewewe/Prefix.pch;
				INFOPLIST_FILE = weewewewe/Resources/Info.plist;
				OTHER_LDFLAGS = (
					"-lz",
					"-ObjC",
					"-lxml2",
					"-lsqlite3",
					"-llibz",
				);
				PRODUCT_NAME = "$(TARGET_NAME)";
				USER_HEADER_SEARCH_PATHS = "$(SDKROOT)/usr/include/libxml2";
				WRAPPER_EXTENSION = app;
			};
			name = Debug;
		};
		5DEC5D8E172152110068237A /* Release */ = {
			isa = XCBuildConfiguration;
			buildSettings = {
				ALWAYS_SEARCH_USER_PATHS = NO;
				COPY_PHASE_STRIP = YES;
				FRAMEWORK_SEARCH_PATHS = /usr/lib/libxml2.dylib;
				GCC_PRECOMPILE_PREFIX_HEADER = YES;
				GCC_PREFIX_HEADER = weewewewe/Prefix.pch;
				INFOPLIST_FILE = weewewewe/Resources/Info.plist;
				OTHER_LDFLAGS = (
					"-lz",
					"-ObjC",
					"-lxml2",
					"-lsqlite3",
					"-llibz",
				);
				PRODUCT_NAME = "$(TARGET_NAME)";
				USER_HEADER_SEARCH_PATHS = "$(SDKROOT)/usr/include/libxml2";
				VALIDATE_PRODUCT = YES;
				WRAPPER_EXTENSION = app;
			};
			name = Release;
		};
/* End XCBuildConfiguration section */

/* Begin XCConfigurationList section */
		5DEC5D50172152110068237A /* Build configuration list for PBXProject "weewewewe" */ = {
			isa = XCConfigurationList;
			buildConfigurations = (
				5DEC5D8A172152110068237A /* Debug */,
				5DEC5D8B172152110068237A /* Release */,
			);
			defaultConfigurationIsVisible = 0;
			defaultConfigurationName = Release;
		};
		5DEC5D8C172152110068237A /* Build configuration list for PBXNativeTarget "weewewewe" */ = {
			isa = XCConfigurationList;
			buildConfigurations = (
				5DEC5D8D172152110068237A /* Debug */,
				5DEC5D8E172152110068237A /* Release */,
			);
			defaultConfigurationIsVisible = 0;
		};
/* End XCConfigurationList section */
	};
	rootObject = 5DEC5D4D172152110068237A /* Project object */;
}
