// !$*UTF8*$!
{
	archiveVersion = 1;
	classes = {
	};
	objectVersion = 46;
	objects = {

/* Begin PBXBuildFile section */
		5DEC5E82172154160068237A /* QuartzCore.framework in Frameworks */ = {isa = PBXBuildFile; fileRef = 5DEC5E81172154160068237A /* QuartzCore.framework */; };
		5DEC5E84172154160068237A /* Security.framework in Frameworks */ = {isa = PBXBuildFile; fileRef = 5DEC5E83172154160068237A /* Security.framework */; };
		5DEC5E86172154160068237A /* SystemConfiguration.framework in Frameworks */ = {isa = PBXBuildFile; fileRef = 5DEC5E85172154160068237A /* SystemConfiguration.framework */; };
		5DEC5E88172154160068237A /* AVFoundation.framework in Frameworks */ = {isa = PBXBuildFile; fileRef = 5DEC5E87172154160068237A /* AVFoundation.framework */; };
		5DEC5E8A172154160068237A /* UIKit.framework in Frameworks */ = {isa = PBXBuildFile; fileRef = 5DEC5E89172154160068237A /* UIKit.framework */; };
		5DEC5E8C172154160068237A /* Foundation.framework in Frameworks */ = {isa = PBXBuildFile; fileRef = 5DEC5E8B172154160068237A /* Foundation.framework */; };
		5DEC5E8E172154160068237A /* CoreGraphics.framework in Frameworks */ = {isa = PBXBuildFile; fileRef = 5DEC5E8D172154160068237A /* CoreGraphics.framework */; };
		5DEC5E90172154160068237A /* MobileCoreServices.framework in Frameworks */ = {isa = PBXBuildFile; fileRef = 5DEC5E8F172154160068237A /* MobileCoreServices.framework */; };
		5DEC5E92172154160068237A /* CoreVideo.framework in Frameworks */ = {isa = PBXBuildFile; fileRef = 5DEC5E91172154160068237A /* CoreVideo.framework */; };
		5DEC5E94172154160068237A /* CoreMedia.framework in Frameworks */ = {isa = PBXBuildFile; fileRef = 5DEC5E93172154160068237A /* CoreMedia.framework */; };
		5DEC5E96172154160068237A /* CFNetwork.framework in Frameworks */ = {isa = PBXBuildFile; fileRef = 5DEC5E95172154160068237A /* CFNetwork.framework */; };
		5DEC5E9A172154160068237A /* Default.png in Resources */ = {isa = PBXBuildFile; fileRef = 5DEC5E99172154160068237A /* Default.png */; };
		5DEC5E9C172154160068237A /* Default@2x.png in Resources */ = {isa = PBXBuildFile; fileRef = 5DEC5E9B172154160068237A /* Default@2x.png */; };
		5DEC5E9E172154160068237A /* Default-568h@2x.png in Resources */ = {isa = PBXBuildFile; fileRef = 5DEC5E9D172154160068237A /* Default-568h@2x.png */; };
		5DEC5EA0172154160068237A /* icon.png in Resources */ = {isa = PBXBuildFile; fileRef = 5DEC5E9F172154160068237A /* icon.png */; };
		5DEC5EA2172154160068237A /* icon@2x.png in Resources */ = {isa = PBXBuildFile; fileRef = 5DEC5EA1172154160068237A /* icon@2x.png */; };
		5DEC5EA5172154160068237A /* iTunesArtwork in Resources */ = {isa = PBXBuildFile; fileRef = 5DEC5EA4172154160068237A /* iTunesArtwork */; };
		5DEC5EA9172154160068237A /* main.m in Sources */ = {isa = PBXBuildFile; fileRef = 5DEC5EA8172154160068237A /* main.m */; };
		5DEC5EAC172154160068237A /* AppDelegate.m in Sources */ = {isa = PBXBuildFile; fileRef = 5DEC5EAB172154160068237A /* AppDelegate.m */; };
		5DEC5EAF172154160068237A /* HelloWorldLayer.m in Sources */ = {isa = PBXBuildFile; fileRef = 5DEC5EAE172154160068237A /* HelloWorldLayer.m */; };
		5DEC5EB2172154160068237A /* IntroLayer.m in Sources */ = {isa = PBXBuildFile; fileRef = 5DEC5EB1172154160068237A /* IntroLayer.m */; };
/* End PBXBuildFile section */

/* Begin PBXFileReference section */
		5DEC5E7E172154160068237A /* oiosd.app */ = {isa = PBXFileReference; explicitFileType = wrapper.application; includeInIndex = 0; path = oiosd.app; sourceTree = BUILT_PRODUCTS_DIR; };
		5DEC5E81172154160068237A /* QuartzCore.framework */ = {isa = PBXFileReference; lastKnownFileType = wrapper.framework; name = QuartzCore.framework; path = System/Library/Frameworks/QuartzCore.framework; sourceTree = SDKROOT; };
		5DEC5E83172154160068237A /* Security.framework */ = {isa = PBXFileReference; lastKnownFileType = wrapper.framework; name = Security.framework; path = System/Library/Frameworks/Security.framework; sourceTree = SDKROOT; };
		5DEC5E85172154160068237A /* SystemConfiguration.framework */ = {isa = PBXFileReference; lastKnownFileType = wrapper.framework; name = SystemConfiguration.framework; path = System/Library/Frameworks/SystemConfiguration.framework; sourceTree = SDKROOT; };
		5DEC5E87172154160068237A /* AVFoundation.framework */ = {isa = PBXFileReference; lastKnownFileType = wrapper.framework; name = AVFoundation.framework; path = System/Library/Frameworks/AVFoundation.framework; sourceTree = SDKROOT; };
		5DEC5E89172154160068237A /* UIKit.framework */ = {isa = PBXFileReference; lastKnownFileType = wrapper.framework; name = UIKit.framework; path = System/Library/Frameworks/UIKit.framework; sourceTree = SDKROOT; };
		5DEC5E8B172154160068237A /* Foundation.framework */ = {isa = PBXFileReference; lastKnownFileType = wrapper.framework; name = Foundation.framework; path = System/Library/Frameworks/Foundation.framework; sourceTree = SDKROOT; };
		5DEC5E8D172154160068237A /* CoreGraphics.framework */ = {isa = PBXFileReference; lastKnownFileType = wrapper.framework; name = CoreGraphics.framework; path = System/Library/Frameworks/CoreGraphics.framework; sourceTree = SDKROOT; };
		5DEC5E8F172154160068237A /* MobileCoreServices.framework */ = {isa = PBXFileReference; lastKnownFileType = wrapper.framework; name = MobileCoreServices.framework; path = System/Library/Frameworks/MobileCoreServices.framework; sourceTree = SDKROOT; };
		5DEC5E91172154160068237A /* CoreVideo.framework */ = {isa = PBXFileReference; lastKnownFileType = wrapper.framework; name = CoreVideo.framework; path = System/Library/Frameworks/CoreVideo.framework; sourceTree = SDKROOT; };
		5DEC5E93172154160068237A /* CoreMedia.framework */ = {isa = PBXFileReference; lastKnownFileType = wrapper.framework; name = CoreMedia.framework; path = System/Library/Frameworks/CoreMedia.framework; sourceTree = SDKROOT; };
		5DEC5E95172154160068237A /* CFNetwork.framework */ = {isa = PBXFileReference; lastKnownFileType = wrapper.framework; name = CFNetwork.framework; path = System/Library/Frameworks/CFNetwork.framework; sourceTree = SDKROOT; };
		5DEC5E99172154160068237A /* Default.png */ = {isa = PBXFileReference; lastKnownFileType = image.png; name = Default.png; path = Resources/Default.png; sourceTree = "<group>"; };
		5DEC5E9B172154160068237A /* Default@2x.png */ = {isa = PBXFileReference; lastKnownFileType = image.png; name = "Default@2x.png"; path = "Resources/Default@2x.png"; sourceTree = "<group>"; };
		5DEC5E9D172154160068237A /* Default-568h@2x.png */ = {isa = PBXFileReference; lastKnownFileType = image.png; name = "Default-568h@2x.png"; path = "Resources/Default-568h@2x.png"; sourceTree = "<group>"; };
		5DEC5E9F172154160068237A /* icon.png */ = {isa = PBXFileReference; lastKnownFileType = image.png; name = icon.png; path = Resources/icon.png; sourceTree = "<group>"; };
		5DEC5EA1172154160068237A /* icon@2x.png */ = {isa = PBXFileReference; lastKnownFileType = image.png; name = "icon@2x.png"; path = "Resources/icon@2x.png"; sourceTree = "<group>"; };
		5DEC5EA3172154160068237A /* Info.plist */ = {isa = PBXFileReference; lastKnownFileType = text.plist.xml; name = Info.plist; path = Resources/Info.plist; sourceTree = "<group>"; };
		5DEC5EA4172154160068237A /* iTunesArtwork */ = {isa = PBXFileReference; lastKnownFileType = file; name = iTunesArtwork; path = Resources/iTunesArtwork; sourceTree = "<group>"; };
		5DEC5EA7172154160068237A /* Prefix.pch */ = {isa = PBXFileReference; lastKnownFileType = sourcecode.c.h; path = Prefix.pch; sourceTree = "<group>"; };
		5DEC5EA8172154160068237A /* main.m */ = {isa = PBXFileReference; lastKnownFileType = sourcecode.c.objc; path = main.m; sourceTree = "<group>"; };
		5DEC5EAA172154160068237A /* AppDelegate.h */ = {isa = PBXFileReference; lastKnownFileType = sourcecode.c.h; path = AppDelegate.h; sourceTree = "<group>"; };
		5DEC5EAB172154160068237A /* AppDelegate.m */ = {isa = PBXFileReference; lastKnownFileType = sourcecode.c.objc; path = AppDelegate.m; sourceTree = "<group>"; };
		5DEC5EAD172154160068237A /* HelloWorldLayer.h */ = {isa = PBXFileReference; lastKnownFileType = sourcecode.c.h; path = HelloWorldLayer.h; sourceTree = "<group>"; };
		5DEC5EAE172154160068237A /* HelloWorldLayer.m */ = {isa = PBXFileReference; lastKnownFileType = sourcecode.c.objc; path = HelloWorldLayer.m; sourceTree = "<group>"; };
		5DEC5EB0172154160068237A /* IntroLayer.h */ = {isa = PBXFileReference; lastKnownFileType = sourcecode.c.h; path = IntroLayer.h; sourceTree = "<group>"; };
		5DEC5EB1172154160068237A /* IntroLayer.m */ = {isa = PBXFileReference; lastKnownFileType = sourcecode.c.objc; path = IntroLayer.m; sourceTree = "<group>"; };
/* End PBXFileReference section */

/* Begin PBXFrameworksBuildPhase section */
		5DEC5E7B172154160068237A /* Frameworks */ = {
			isa = PBXFrameworksBuildPhase;
			buildActionMask = 2147483647;
			files = (
				5DEC5E82172154160068237A /* QuartzCore.framework in Frameworks */,
				5DEC5E84172154160068237A /* Security.framework in Frameworks */,
				5DEC5E86172154160068237A /* SystemConfiguration.framework in Frameworks */,
				5DEC5E88172154160068237A /* AVFoundation.framework in Frameworks */,
				5DEC5E8A172154160068237A /* UIKit.framework in Frameworks */,
				5DEC5E8C172154160068237A /* Foundation.framework in Frameworks */,
				5DEC5E8E172154160068237A /* CoreGraphics.framework in Frameworks */,
				5DEC5E90172154160068237A /* MobileCoreServices.framework in Frameworks */,
				5DEC5E92172154160068237A /* CoreVideo.framework in Frameworks */,
				5DEC5E94172154160068237A /* CoreMedia.framework in Frameworks */,
				5DEC5E96172154160068237A /* CFNetwork.framework in Frameworks */,
			);
			runOnlyForDeploymentPostprocessing = 0;
		};
/* End PBXFrameworksBuildPhase section */

/* Begin PBXGroup section */
		5DEC5E75172154160068237A = {
			isa = PBXGroup;
			children = (
				5DEC5E97172154160068237A /* oiosd */,
				5DEC5E80172154160068237A /* Frameworks */,
				5DEC5E7F172154160068237A /* Products */,
			);
			sourceTree = "<group>";
		};
		5DEC5E7F172154160068237A /* Products */ = {
			isa = PBXGroup;
			children = (
				5DEC5E7E172154160068237A /* oiosd.app */,
			);
			name = Products;
			sourceTree = "<group>";
		};
		5DEC5E80172154160068237A /* Frameworks */ = {
			isa = PBXGroup;
			children = (
				5DEC5E81172154160068237A /* QuartzCore.framework */,
				5DEC5E83172154160068237A /* Security.framework */,
				5DEC5E85172154160068237A /* SystemConfiguration.framework */,
				5DEC5E87172154160068237A /* AVFoundation.framework */,
				5DEC5E89172154160068237A /* UIKit.framework */,
				5DEC5E8B172154160068237A /* Foundation.framework */,
				5DEC5E8D172154160068237A /* CoreGraphics.framework */,
				5DEC5E8F172154160068237A /* MobileCoreServices.framework */,
				5DEC5E91172154160068237A /* CoreVideo.framework */,
				5DEC5E93172154160068237A /* CoreMedia.framework */,
				5DEC5E95172154160068237A /* CFNetwork.framework */,
			);
			name = Frameworks;
			sourceTree = "<group>";
		};
		5DEC5E97172154160068237A /* oiosd */ = {
			isa = PBXGroup;
			children = (
				5DEC5E9F172154160068237A /* icon.png */,
				5DEC5EA1172154160068237A /* icon@2x.png */,
				5DEC5EAA172154160068237A /* AppDelegate.h */,
				5DEC5EAB172154160068237A /* AppDelegate.m */,
				5DEC5EAD172154160068237A /* HelloWorldLayer.h */,
				5DEC5EAE172154160068237A /* HelloWorldLayer.m */,
				5DEC5EB0172154160068237A /* IntroLayer.h */,
				5DEC5EB1172154160068237A /* IntroLayer.m */,
				5DEC5E98172154160068237A /* Resources */,
				5DEC5EA6172154160068237A /* Supporting Files */,
			);
			path = oiosd;
			sourceTree = "<group>";
		};
		5DEC5E98172154160068237A /* Resources */ = {
			isa = PBXGroup;
			children = (
				5DEC5E99172154160068237A /* Default.png */,
				5DEC5E9B172154160068237A /* Default@2x.png */,
				5DEC5E9D172154160068237A /* Default-568h@2x.png */,
				5DEC5EA3172154160068237A /* Info.plist */,
				5DEC5EA4172154160068237A /* iTunesArtwork */,
			);
			name = Resources;
			sourceTree = "<group>";
		};
		5DEC5EA6172154160068237A /* Supporting Files */ = {
			isa = PBXGroup;
			children = (
				5DEC5EA7172154160068237A /* Prefix.pch */,
				5DEC5EA8172154160068237A /* main.m */,
			);
			name = "Supporting Files";
			sourceTree = "<group>";
		};
/* End PBXGroup section */

/* Begin PBXNativeTarget section */
		5DEC5E7D172154160068237A /* oiosd */ = {
			isa = PBXNativeTarget;
			buildConfigurationList = 5DEC5EB5172154160068237A /* Build configuration list for PBXNativeTarget "oiosd" */;
			buildPhases = (
				5DEC5E7A172154160068237A /* Sources */,
				5DEC5E7B172154160068237A /* Frameworks */,
				5DEC5E7C172154160068237A /* Resources */,
			);
			buildRules = (
			);
			dependencies = (
			);
			name = oiosd;
			productName = oiosd;
			productReference = 5DEC5E7E172154160068237A /* oiosd.app */;
			productType = "com.apple.product-type.application";
		};
/* End PBXNativeTarget section */

/* Begin PBXProject section */
		5DEC5E76172154160068237A /* Project object */ = {
			isa = PBXProject;
			attributes = {
				LastUpgradeCheck = 0460;
			};
			buildConfigurationList = 5DEC5E79172154160068237A /* Build configuration list for PBXProject "oiosd" */;
			compatibilityVersion = "Xcode 3.2";
			developmentRegion = English;
			hasScannedForEncodings = 0;
			knownRegions = (
				en,
			);
			mainGroup = 5DEC5E75172154160068237A;
			productRefGroup = 5DEC5E7F172154160068237A /* Products */;
			projectDirPath = "";
			projectRoot = "";
			targets = (
				5DEC5E7D172154160068237A /* oiosd */,
			);
		};
/* End PBXProject section */

/* Begin PBXResourcesBuildPhase section */
		5DEC5E7C172154160068237A /* Resources */ = {
			isa = PBXResourcesBuildPhase;
			buildActionMask = 2147483647;
			files = (
				5DEC5E9A172154160068237A /* Default.png in Resources */,
				5DEC5E9C172154160068237A /* Default@2x.png in Resources */,
				5DEC5E9E172154160068237A /* Default-568h@2x.png in Resources */,
				5DEC5EA0172154160068237A /* icon.png in Resources */,
				5DEC5EA2172154160068237A /* icon@2x.png in Resources */,
				5DEC5EA5172154160068237A /* iTunesArtwork in Resources */,
			);
			runOnlyForDeploymentPostprocessing = 0;
		};
/* End PBXResourcesBuildPhase section */

/* Begin PBXSourcesBuildPhase section */
		5DEC5E7A172154160068237A /* Sources */ = {
			isa = PBXSourcesBuildPhase;
			buildActionMask = 2147483647;
			files = (
				5DEC5EA9172154160068237A /* main.m in Sources */,
				5DEC5EAC172154160068237A /* AppDelegate.m in Sources */,
				5DEC5EAF172154160068237A /* HelloWorldLayer.m in Sources */,
				5DEC5EB2172154160068237A /* IntroLayer.m in Sources */,
			);
			runOnlyForDeploymentPostprocessing = 0;
		};
/* End PBXSourcesBuildPhase section */

/* Begin XCBuildConfiguration section */
		5DEC5EB3172154160068237A /* Debug */ = {
			isa = XCBuildConfiguration;
			buildSettings = {
				ARCHS = "$(ARCHS_STANDARD_32_BIT)";
				"CODE_SIGN_IDENTITY[sdk=iphoneos*]" = "iPhone Developer";
				GCC_C_LANGUAGE_STANDARD = gnu99;
				GCC_OPTIMIZATION_LEVEL = 0;
				GCC_PREPROCESSOR_DEFINITIONS = (
					DEBUG,
					"BEE_DEBUG=1",
				);
				GCC_SYMBOLS_PRIVATE_EXTERN = NO;
				GCC_VERSION = com.apple.compilers.llvm.clang.1_0;
				GCC_WARN_ABOUT_RETURN_TYPE = YES;
				GCC_WARN_UNUSED_VARIABLE = YES;
				IPHONEOS_DEPLOYMENT_TARGET = 5.0;
				SDKROOT = iphoneos;
				TARGETED_DEVICE_FAMILY = "1,2";
			};
			name = Debug;
		};
		5DEC5EB4172154160068237A /* Release */ = {
			isa = XCBuildConfiguration;
			buildSettings = {
				ARCHS = "$(ARCHS_STANDARD_32_BIT)";
				"CODE_SIGN_IDENTITY[sdk=iphoneos*]" = "iPhone Developer";
				GCC_C_LANGUAGE_STANDARD = gnu99;
				GCC_PREPROCESSOR_DEFINITIONS = (
					NDEBUG,
					"NS_BLOCK_ASSERTIONS=1",
				);
				GCC_VERSION = com.apple.compilers.llvm.clang.1_0;
				GCC_WARN_ABOUT_RETURN_TYPE = YES;
				GCC_WARN_UNUSED_VARIABLE = YES;
				IPHONEOS_DEPLOYMENT_TARGET = 5.0;
				SDKROOT = iphoneos;
				TARGETED_DEVICE_FAMILY = "1,2";
			};
			name = Release;
		};
		5DEC5EB6172154160068237A /* Debug */ = {
			isa = XCBuildConfiguration;
			buildSettings = {
				ALWAYS_SEARCH_USER_PATHS = NO;
				COPY_PHASE_STRIP = NO;
				FRAMEWORK_SEARCH_PATHS = /usr/lib/libxml2.dylib;
				GCC_DYNAMIC_NO_PIC = NO;
				GCC_PRECOMPILE_PREFIX_HEADER = YES;
				GCC_PREFIX_HEADER = oiosd/Prefix.pch;
				INFOPLIST_FILE = oiosd/Resources/Info.plist;
				OTHER_LDFLAGS = (
					"-lz",
					"-ObjC",
					"-lxml2",
					"-lsqlite3",
					"-llibz",
				);
				PRODUCT_NAME = "$(TARGET_NAME)";
				USER_HEADER_SEARCH_PATHS = "$(SDKROOT)/usr/include/libxml2";
				WRAPPER_EXTENSION = app;
			};
			name = Debug;
		};
		5DEC5EB7172154160068237A /* Release */ = {
			isa = XCBuildConfiguration;
			buildSettings = {
				ALWAYS_SEARCH_USER_PATHS = NO;
				COPY_PHASE_STRIP = YES;
				FRAMEWORK_SEARCH_PATHS = /usr/lib/libxml2.dylib;
				GCC_PRECOMPILE_PREFIX_HEADER = YES;
				GCC_PREFIX_HEADER = oiosd/Prefix.pch;
				INFOPLIST_FILE = oiosd/Resources/Info.plist;
				OTHER_LDFLAGS = (
					"-lz",
					"-ObjC",
					"-lxml2",
					"-lsqlite3",
					"-llibz",
				);
				PRODUCT_NAME = "$(TARGET_NAME)";
				USER_HEADER_SEARCH_PATHS = "$(SDKROOT)/usr/include/libxml2";
				VALIDATE_PRODUCT = YES;
				WRAPPER_EXTENSION = app;
			};
			name = Release;
		};
/* End XCBuildConfiguration section */

/* Begin XCConfigurationList section */
		5DEC5E79172154160068237A /* Build configuration list for PBXProject "oiosd" */ = {
			isa = XCConfigurationList;
			buildConfigurations = (
				5DEC5EB3172154160068237A /* Debug */,
				5DEC5EB4172154160068237A /* Release */,
			);
			defaultConfigurationIsVisible = 0;
			defaultConfigurationName = Release;
		};
		5DEC5EB5172154160068237A /* Build configuration list for PBXNativeTarget "oiosd" */ = {
			isa = XCConfigurationList;
			buildConfigurations = (
				5DEC5EB6172154160068237A /* Debug */,
				5DEC5EB7172154160068237A /* Release */,
			);
			defaultConfigurationIsVisible = 0;
		};
/* End XCConfigurationList section */
	};
	rootObject = 5DEC5E76172154160068237A /* Project object */;
}
